// !$*UTF8*$!
{
	archiveVersion = 1;
	classes = {
	};
	objectVersion = 46;
	objects = {

/* Begin PBXBuildFile section */
		279DA49E163F689D00AF6E26 /* MSValueImageView.m in Sources */ = {isa = PBXBuildFile; fileRef = 279DA49D163F689D00AF6E26 /* MSValueImageView.m */; };
		279FB497163FAAFA0057D896 /* no_image_breakfast.png in Resources */ = {isa = PBXBuildFile; fileRef = 279FB491163FAAFA0057D896 /* no_image_breakfast.png */; };
		279FB498163FAAFA0057D896 /* no_image_breakfast@2x.png in Resources */ = {isa = PBXBuildFile; fileRef = 279FB492163FAAFA0057D896 /* no_image_breakfast@2x.png */; };
		279FB499163FAAFA0057D896 /* no_image_lunch.png in Resources */ = {isa = PBXBuildFile; fileRef = 279FB493163FAAFA0057D896 /* no_image_lunch.png */; };
		279FB49A163FAAFA0057D896 /* no_image_lunch@2x.png in Resources */ = {isa = PBXBuildFile; fileRef = 279FB494163FAAFA0057D896 /* no_image_lunch@2x.png */; };
		279FB49B163FAAFA0057D896 /* no_image_supper.png in Resources */ = {isa = PBXBuildFile; fileRef = 279FB495163FAAFA0057D896 /* no_image_supper.png */; };
		279FB49C163FAAFA0057D896 /* no_image_supper@2x.png in Resources */ = {isa = PBXBuildFile; fileRef = 279FB496163FAAFA0057D896 /* no_image_supper@2x.png */; };
		27D1ABCF164022F10010EDF7 /* no_image_others.png in Resources */ = {isa = PBXBuildFile; fileRef = 27D1ABCD164022F10010EDF7 /* no_image_others.png */; };
		27D1ABD0164022F10010EDF7 /* no_image_others@2x.png in Resources */ = {isa = PBXBuildFile; fileRef = 27D1ABCE164022F10010EDF7 /* no_image_others@2x.png */; };
		8C1699F0163F937100194888 /* MSMiniCalenderScrollView.m in Sources */ = {isa = PBXBuildFile; fileRef = 8C1699EF163F937100194888 /* MSMiniCalenderScrollView.m */; };
		8C180947163F29C9003400EB /* starNonSelect.png in Resources */ = {isa = PBXBuildFile; fileRef = 8C180946163F29C9003400EB /* starNonSelect.png */; };
		8C18094A163F2A1A003400EB /* sampleMenu.png in Resources */ = {isa = PBXBuildFile; fileRef = 8C180949163F2A1A003400EB /* sampleMenu.png */; };
		8C180950163F355B003400EB /* MSMiniCalenderTableView.m in Sources */ = {isa = PBXBuildFile; fileRef = 8C18094F163F355B003400EB /* MSMiniCalenderTableView.m */; };
		8C7B3BD1163E3F2600B8D7C1 /* MSRootTabBarController.m in Sources */ = {isa = PBXBuildFile; fileRef = 8C7B3BD0163E3F2600B8D7C1 /* MSRootTabBarController.m */; };
		8CD1BA56163EEF8C00AFA334 /* star.png in Resources */ = {isa = PBXBuildFile; fileRef = 8CD1BA55163EEF8C00AFA334 /* star.png */; };
		B805248F163E45AB005B74F8 /* MSNetworkConnector.m in Sources */ = {isa = PBXBuildFile; fileRef = B805248E163E45AB005B74F8 /* MSNetworkConnector.m */; };
		B805249B163E4EF0005B74F8 /* MSUIIDController.m in Sources */ = {isa = PBXBuildFile; fileRef = B805249A163E4EF0005B74F8 /* MSUIIDController.m */; };
		B80524A5163EEB59005B74F8 /* no_image.png in Resources */ = {isa = PBXBuildFile; fileRef = B80524A3163EEB59005B74F8 /* no_image.png */; };
		B80524A6163EEB59005B74F8 /* no_image@2x.png in Resources */ = {isa = PBXBuildFile; fileRef = B80524A4163EEB59005B74F8 /* no_image@2x.png */; };
		B80524B6163EEBBA005B74F8 /* MSCameraViewController.m in Sources */ = {isa = PBXBuildFile; fileRef = B80524A9163EEBBA005B74F8 /* MSCameraViewController.m */; };
		B80524B7163EEBBA005B74F8 /* MSConfigViewController.m in Sources */ = {isa = PBXBuildFile; fileRef = B80524AB163EEBBA005B74F8 /* MSConfigViewController.m */; };
		B80524B9163EEBBA005B74F8 /* MSFoodLineViewController.m in Sources */ = {isa = PBXBuildFile; fileRef = B80524AF163EEBBA005B74F8 /* MSFoodLineViewController.m */; };
		B80524BA163EEBBA005B74F8 /* MSMiniCalenderViewController.m in Sources */ = {isa = PBXBuildFile; fileRef = B80524B1163EEBBA005B74F8 /* MSMiniCalenderViewController.m */; };
		B80524BB163EEBBA005B74F8 /* MSRecommendViewController.m in Sources */ = {isa = PBXBuildFile; fileRef = B80524B3163EEBBA005B74F8 /* MSRecommendViewController.m */; };
		B80524BC163EEBBA005B74F8 /* MSTodayMealViewController.m in Sources */ = {isa = PBXBuildFile; fileRef = B80524B5163EEBBA005B74F8 /* MSTodayMealViewController.m */; };
		B80524C0163EEC7A005B74F8 /* MSFoodLineCell.m in Sources */ = {isa = PBXBuildFile; fileRef = B80524BF163EEC7A005B74F8 /* MSFoodLineCell.m */; };
		B80524E8163F59A6005B74F8 /* AWSiOSSDK.framework in Frameworks */ = {isa = PBXBuildFile; fileRef = B80524E6163F59A6005B74F8 /* AWSiOSSDK.framework */; };
		B80524E9163F59A6005B74F8 /* AWSPersistence.framework in Frameworks */ = {isa = PBXBuildFile; fileRef = B80524E7163F59A6005B74F8 /* AWSPersistence.framework */; };
		B80524FD163F92F8005B74F8 /* MSAWSConnector.m in Sources */ = {isa = PBXBuildFile; fileRef = B80524FC163F92F8005B74F8 /* MSAWSConnector.m */; };
		B8052507163F96C6005B74F8 /* MSUser.m in Sources */ = {isa = PBXBuildFile; fileRef = B8052506163F96C6005B74F8 /* MSUser.m */; };
		B805250A163FA2A8005B74F8 /* MSFoodPicture.m in Sources */ = {isa = PBXBuildFile; fileRef = B8052509163FA2A8005B74F8 /* MSFoodPicture.m */; };
		B805252416406429005B74F8 /* MSFoodPictureImage.m in Sources */ = {isa = PBXBuildFile; fileRef = B805252316406429005B74F8 /* MSFoodPictureImage.m */; };
		B8D0787B163D3D870050FF39 /* UIKit.framework in Frameworks */ = {isa = PBXBuildFile; fileRef = B8D0787A163D3D870050FF39 /* UIKit.framework */; };
		B8D0787D163D3D870050FF39 /* Foundation.framework in Frameworks */ = {isa = PBXBuildFile; fileRef = B8D0787C163D3D870050FF39 /* Foundation.framework */; };
		B8D0787F163D3D870050FF39 /* CoreGraphics.framework in Frameworks */ = {isa = PBXBuildFile; fileRef = B8D0787E163D3D870050FF39 /* CoreGraphics.framework */; };
		B8D07881163D3D870050FF39 /* CoreData.framework in Frameworks */ = {isa = PBXBuildFile; fileRef = B8D07880163D3D870050FF39 /* CoreData.framework */; };
		B8D07887163D3D870050FF39 /* InfoPlist.strings in Resources */ = {isa = PBXBuildFile; fileRef = B8D07885163D3D870050FF39 /* InfoPlist.strings */; };
		B8D07889163D3D870050FF39 /* main.m in Sources */ = {isa = PBXBuildFile; fileRef = B8D07888163D3D870050FF39 /* main.m */; };
		B8D0788D163D3D870050FF39 /* AppDelegate.m in Sources */ = {isa = PBXBuildFile; fileRef = B8D0788C163D3D870050FF39 /* AppDelegate.m */; };
		B8D0788F163D3D870050FF39 /* Default.png in Resources */ = {isa = PBXBuildFile; fileRef = B8D0788E163D3D870050FF39 /* Default.png */; };
		B8D07891163D3D870050FF39 /* Default@2x.png in Resources */ = {isa = PBXBuildFile; fileRef = B8D07890163D3D870050FF39 /* Default@2x.png */; };
		B8D07893163D3D870050FF39 /* Default-568h@2x.png in Resources */ = {isa = PBXBuildFile; fileRef = B8D07892163D3D870050FF39 /* Default-568h@2x.png */; };
		B8D07896163D3D870050FF39 /* Meshi365.xcdatamodeld in Sources */ = {isa = PBXBuildFile; fileRef = B8D07894163D3D870050FF39 /* Meshi365.xcdatamodeld */; };
		B8D0789E163D3D870050FF39 /* SenTestingKit.framework in Frameworks */ = {isa = PBXBuildFile; fileRef = B8D0789D163D3D870050FF39 /* SenTestingKit.framework */; };
		B8D0789F163D3D870050FF39 /* UIKit.framework in Frameworks */ = {isa = PBXBuildFile; fileRef = B8D0787A163D3D870050FF39 /* UIKit.framework */; };
		B8D078A0163D3D870050FF39 /* Foundation.framework in Frameworks */ = {isa = PBXBuildFile; fileRef = B8D0787C163D3D870050FF39 /* Foundation.framework */; };
		B8D078A1163D3D870050FF39 /* CoreData.framework in Frameworks */ = {isa = PBXBuildFile; fileRef = B8D07880163D3D870050FF39 /* CoreData.framework */; };
		B8D078A9163D3D870050FF39 /* InfoPlist.strings in Resources */ = {isa = PBXBuildFile; fileRef = B8D078A7163D3D870050FF39 /* InfoPlist.strings */; };
		B8D078AC163D3D870050FF39 /* Meshi365Tests.m in Sources */ = {isa = PBXBuildFile; fileRef = B8D078AB163D3D870050FF39 /* Meshi365Tests.m */; };
/* End PBXBuildFile section */

/* Begin PBXContainerItemProxy section */
		B8D078A2163D3D870050FF39 /* PBXContainerItemProxy */ = {
			isa = PBXContainerItemProxy;
			containerPortal = B8D0786D163D3D870050FF39 /* Project object */;
			proxyType = 1;
			remoteGlobalIDString = B8D07875163D3D870050FF39;
			remoteInfo = Meshi365;
		};
/* End PBXContainerItemProxy section */

/* Begin PBXFileReference section */
		279DA49C163F689D00AF6E26 /* MSValueImageView.h */ = {isa = PBXFileReference; fileEncoding = 4; lastKnownFileType = sourcecode.c.h; path = MSValueImageView.h; sourceTree = "<group>"; };
		279DA49D163F689D00AF6E26 /* MSValueImageView.m */ = {isa = PBXFileReference; fileEncoding = 4; lastKnownFileType = sourcecode.c.objc; path = MSValueImageView.m; sourceTree = "<group>"; };
		279FB491163FAAFA0057D896 /* no_image_breakfast.png */ = {isa = PBXFileReference; lastKnownFileType = image.png; path = no_image_breakfast.png; sourceTree = "<group>"; };
		279FB492163FAAFA0057D896 /* no_image_breakfast@2x.png */ = {isa = PBXFileReference; lastKnownFileType = image.png; path = "no_image_breakfast@2x.png"; sourceTree = "<group>"; };
		279FB493163FAAFA0057D896 /* no_image_lunch.png */ = {isa = PBXFileReference; lastKnownFileType = image.png; path = no_image_lunch.png; sourceTree = "<group>"; };
		279FB494163FAAFA0057D896 /* no_image_lunch@2x.png */ = {isa = PBXFileReference; lastKnownFileType = image.png; path = "no_image_lunch@2x.png"; sourceTree = "<group>"; };
		279FB495163FAAFA0057D896 /* no_image_supper.png */ = {isa = PBXFileReference; lastKnownFileType = image.png; path = no_image_supper.png; sourceTree = "<group>"; };
		279FB496163FAAFA0057D896 /* no_image_supper@2x.png */ = {isa = PBXFileReference; lastKnownFileType = image.png; path = "no_image_supper@2x.png"; sourceTree = "<group>"; };
		27D1ABCD164022F10010EDF7 /* no_image_others.png */ = {isa = PBXFileReference; lastKnownFileType = image.png; path = no_image_others.png; sourceTree = "<group>"; };
		27D1ABCE164022F10010EDF7 /* no_image_others@2x.png */ = {isa = PBXFileReference; lastKnownFileType = image.png; path = "no_image_others@2x.png"; sourceTree = "<group>"; };
		8C1699EE163F937100194888 /* MSMiniCalenderScrollView.h */ = {isa = PBXFileReference; fileEncoding = 4; lastKnownFileType = sourcecode.c.h; path = MSMiniCalenderScrollView.h; sourceTree = "<group>"; };
		8C1699EF163F937100194888 /* MSMiniCalenderScrollView.m */ = {isa = PBXFileReference; fileEncoding = 4; lastKnownFileType = sourcecode.c.objc; path = MSMiniCalenderScrollView.m; sourceTree = "<group>"; };
		8C180946163F29C9003400EB /* starNonSelect.png */ = {isa = PBXFileReference; lastKnownFileType = image.png; path = starNonSelect.png; sourceTree = "<group>"; };
		8C180949163F2A1A003400EB /* sampleMenu.png */ = {isa = PBXFileReference; lastKnownFileType = image.png; path = sampleMenu.png; sourceTree = "<group>"; };
		8C18094E163F355B003400EB /* MSMiniCalenderTableView.h */ = {isa = PBXFileReference; fileEncoding = 4; lastKnownFileType = sourcecode.c.h; path = MSMiniCalenderTableView.h; sourceTree = "<group>"; };
		8C18094F163F355B003400EB /* MSMiniCalenderTableView.m */ = {isa = PBXFileReference; fileEncoding = 4; lastKnownFileType = sourcecode.c.objc; path = MSMiniCalenderTableView.m; sourceTree = "<group>"; };
		8C7B3BCF163E3F2600B8D7C1 /* MSRootTabBarController.h */ = {isa = PBXFileReference; fileEncoding = 4; lastKnownFileType = sourcecode.c.h; path = MSRootTabBarController.h; sourceTree = "<group>"; };
		8C7B3BD0163E3F2600B8D7C1 /* MSRootTabBarController.m */ = {isa = PBXFileReference; fileEncoding = 4; lastKnownFileType = sourcecode.c.objc; path = MSRootTabBarController.m; sourceTree = "<group>"; };
		8CD1BA55163EEF8C00AFA334 /* star.png */ = {isa = PBXFileReference; lastKnownFileType = image.png; path = star.png; sourceTree = "<group>"; };
		B805248D163E45AB005B74F8 /* MSNetworkConnector.h */ = {isa = PBXFileReference; fileEncoding = 4; lastKnownFileType = sourcecode.c.h; path = MSNetworkConnector.h; sourceTree = "<group>"; };
		B805248E163E45AB005B74F8 /* MSNetworkConnector.m */ = {isa = PBXFileReference; fileEncoding = 4; lastKnownFileType = sourcecode.c.objc; path = MSNetworkConnector.m; sourceTree = "<group>"; };
		B8052499163E4EF0005B74F8 /* MSUIIDController.h */ = {isa = PBXFileReference; fileEncoding = 4; lastKnownFileType = sourcecode.c.h; path = MSUIIDController.h; sourceTree = "<group>"; };
		B805249A163E4EF0005B74F8 /* MSUIIDController.m */ = {isa = PBXFileReference; fileEncoding = 4; lastKnownFileType = sourcecode.c.objc; path = MSUIIDController.m; sourceTree = "<group>"; };
		B80524A3163EEB59005B74F8 /* no_image.png */ = {isa = PBXFileReference; lastKnownFileType = image.png; path = no_image.png; sourceTree = "<group>"; };
		B80524A4163EEB59005B74F8 /* no_image@2x.png */ = {isa = PBXFileReference; lastKnownFileType = image.png; path = "no_image@2x.png"; sourceTree = "<group>"; };
		B80524A8163EEBBA005B74F8 /* MSCameraViewController.h */ = {isa = PBXFileReference; fileEncoding = 4; lastKnownFileType = sourcecode.c.h; path = MSCameraViewController.h; sourceTree = "<group>"; };
		B80524A9163EEBBA005B74F8 /* MSCameraViewController.m */ = {isa = PBXFileReference; fileEncoding = 4; lastKnownFileType = sourcecode.c.objc; path = MSCameraViewController.m; sourceTree = "<group>"; };
		B80524AA163EEBBA005B74F8 /* MSConfigViewController.h */ = {isa = PBXFileReference; fileEncoding = 4; lastKnownFileType = sourcecode.c.h; path = MSConfigViewController.h; sourceTree = "<group>"; };
		B80524AB163EEBBA005B74F8 /* MSConfigViewController.m */ = {isa = PBXFileReference; fileEncoding = 4; lastKnownFileType = sourcecode.c.objc; path = MSConfigViewController.m; sourceTree = "<group>"; };
		B80524AE163EEBBA005B74F8 /* MSFoodLineViewController.h */ = {isa = PBXFileReference; fileEncoding = 4; lastKnownFileType = sourcecode.c.h; path = MSFoodLineViewController.h; sourceTree = "<group>"; };
		B80524AF163EEBBA005B74F8 /* MSFoodLineViewController.m */ = {isa = PBXFileReference; fileEncoding = 4; lastKnownFileType = sourcecode.c.objc; path = MSFoodLineViewController.m; sourceTree = "<group>"; };
		B80524B0163EEBBA005B74F8 /* MSMiniCalenderViewController.h */ = {isa = PBXFileReference; fileEncoding = 4; lastKnownFileType = sourcecode.c.h; path = MSMiniCalenderViewController.h; sourceTree = "<group>"; };
		B80524B1163EEBBA005B74F8 /* MSMiniCalenderViewController.m */ = {isa = PBXFileReference; fileEncoding = 4; lastKnownFileType = sourcecode.c.objc; path = MSMiniCalenderViewController.m; sourceTree = "<group>"; };
		B80524B2163EEBBA005B74F8 /* MSRecommendViewController.h */ = {isa = PBXFileReference; fileEncoding = 4; lastKnownFileType = sourcecode.c.h; path = MSRecommendViewController.h; sourceTree = "<group>"; };
		B80524B3163EEBBA005B74F8 /* MSRecommendViewController.m */ = {isa = PBXFileReference; fileEncoding = 4; lastKnownFileType = sourcecode.c.objc; path = MSRecommendViewController.m; sourceTree = "<group>"; };
		B80524B4163EEBBA005B74F8 /* MSTodayMealViewController.h */ = {isa = PBXFileReference; fileEncoding = 4; lastKnownFileType = sourcecode.c.h; path = MSTodayMealViewController.h; sourceTree = "<group>"; };
		B80524B5163EEBBA005B74F8 /* MSTodayMealViewController.m */ = {isa = PBXFileReference; fileEncoding = 4; lastKnownFileType = sourcecode.c.objc; path = MSTodayMealViewController.m; sourceTree = "<group>"; };
		B80524BE163EEC7A005B74F8 /* MSFoodLineCell.h */ = {isa = PBXFileReference; fileEncoding = 4; lastKnownFileType = sourcecode.c.h; path = MSFoodLineCell.h; sourceTree = "<group>"; };
		B80524BF163EEC7A005B74F8 /* MSFoodLineCell.m */ = {isa = PBXFileReference; fileEncoding = 4; lastKnownFileType = sourcecode.c.objc; path = MSFoodLineCell.m; sourceTree = "<group>"; };
		B80524E6163F59A6005B74F8 /* AWSiOSSDK.framework */ = {isa = PBXFileReference; lastKnownFileType = wrapper.framework; path = AWSiOSSDK.framework; sourceTree = "<group>"; };
		B80524E7163F59A6005B74F8 /* AWSPersistence.framework */ = {isa = PBXFileReference; lastKnownFileType = wrapper.framework; path = AWSPersistence.framework; sourceTree = "<group>"; };
		B80524FB163F92F8005B74F8 /* MSAWSConnector.h */ = {isa = PBXFileReference; fileEncoding = 4; lastKnownFileType = sourcecode.c.h; path = MSAWSConnector.h; sourceTree = "<group>"; };
		B80524FC163F92F8005B74F8 /* MSAWSConnector.m */ = {isa = PBXFileReference; fileEncoding = 4; lastKnownFileType = sourcecode.c.objc; path = MSAWSConnector.m; sourceTree = "<group>"; };
		B8052505163F96C6005B74F8 /* MSUser.h */ = {isa = PBXFileReference; fileEncoding = 4; lastKnownFileType = sourcecode.c.h; path = MSUser.h; sourceTree = "<group>"; };
		B8052506163F96C6005B74F8 /* MSUser.m */ = {isa = PBXFileReference; fileEncoding = 4; lastKnownFileType = sourcecode.c.objc; path = MSUser.m; sourceTree = "<group>"; };
		B8052508163FA2A8005B74F8 /* MSFoodPicture.h */ = {isa = PBXFileReference; fileEncoding = 4; lastKnownFileType = sourcecode.c.h; path = MSFoodPicture.h; sourceTree = "<group>"; };
		B8052509163FA2A8005B74F8 /* MSFoodPicture.m */ = {isa = PBXFileReference; fileEncoding = 4; lastKnownFileType = sourcecode.c.objc; path = MSFoodPicture.m; sourceTree = "<group>"; };
		B805252016403E94005B74F8 /* MSGlobal.h */ = {isa = PBXFileReference; lastKnownFileType = sourcecode.c.h; path = MSGlobal.h; sourceTree = "<group>"; };
		B805252216406429005B74F8 /* MSFoodPictureImage.h */ = {isa = PBXFileReference; fileEncoding = 4; lastKnownFileType = sourcecode.c.h; path = MSFoodPictureImage.h; sourceTree = "<group>"; };
		B805252316406429005B74F8 /* MSFoodPictureImage.m */ = {isa = PBXFileReference; fileEncoding = 4; lastKnownFileType = sourcecode.c.objc; path = MSFoodPictureImage.m; sourceTree = "<group>"; };
		B8D07876163D3D870050FF39 /* Meshi365.app */ = {isa = PBXFileReference; explicitFileType = wrapper.application; includeInIndex = 0; path = Meshi365.app; sourceTree = BUILT_PRODUCTS_DIR; };
		B8D0787A163D3D870050FF39 /* UIKit.framework */ = {isa = PBXFileReference; lastKnownFileType = wrapper.framework; name = UIKit.framework; path = System/Library/Frameworks/UIKit.framework; sourceTree = SDKROOT; };
		B8D0787C163D3D870050FF39 /* Foundation.framework */ = {isa = PBXFileReference; lastKnownFileType = wrapper.framework; name = Foundation.framework; path = System/Library/Frameworks/Foundation.framework; sourceTree = SDKROOT; };
		B8D0787E163D3D870050FF39 /* CoreGraphics.framework */ = {isa = PBXFileReference; lastKnownFileType = wrapper.framework; name = CoreGraphics.framework; path = System/Library/Frameworks/CoreGraphics.framework; sourceTree = SDKROOT; };
		B8D07880163D3D870050FF39 /* CoreData.framework */ = {isa = PBXFileReference; lastKnownFileType = wrapper.framework; name = CoreData.framework; path = System/Library/Frameworks/CoreData.framework; sourceTree = SDKROOT; };
		B8D07884163D3D870050FF39 /* Meshi365-Info.plist */ = {isa = PBXFileReference; lastKnownFileType = text.plist.xml; path = "Meshi365-Info.plist"; sourceTree = "<group>"; };
		B8D07886163D3D870050FF39 /* en */ = {isa = PBXFileReference; lastKnownFileType = text.plist.strings; name = en; path = en.lproj/InfoPlist.strings; sourceTree = "<group>"; };
		B8D07888163D3D870050FF39 /* main.m */ = {isa = PBXFileReference; lastKnownFileType = sourcecode.c.objc; path = main.m; sourceTree = "<group>"; };
		B8D0788A163D3D870050FF39 /* Meshi365-Prefix.pch */ = {isa = PBXFileReference; lastKnownFileType = sourcecode.c.h; path = "Meshi365-Prefix.pch"; sourceTree = "<group>"; };
		B8D0788B163D3D870050FF39 /* AppDelegate.h */ = {isa = PBXFileReference; lastKnownFileType = sourcecode.c.h; path = AppDelegate.h; sourceTree = "<group>"; };
		B8D0788C163D3D870050FF39 /* AppDelegate.m */ = {isa = PBXFileReference; lastKnownFileType = sourcecode.c.objc; path = AppDelegate.m; sourceTree = "<group>"; };
		B8D0788E163D3D870050FF39 /* Default.png */ = {isa = PBXFileReference; lastKnownFileType = image.png; path = Default.png; sourceTree = "<group>"; };
		B8D07890163D3D870050FF39 /* Default@2x.png */ = {isa = PBXFileReference; lastKnownFileType = image.png; path = "Default@2x.png"; sourceTree = "<group>"; };
		B8D07892163D3D870050FF39 /* Default-568h@2x.png */ = {isa = PBXFileReference; lastKnownFileType = image.png; path = "Default-568h@2x.png"; sourceTree = "<group>"; };
		B8D07895163D3D870050FF39 /* Meshi365.xcdatamodel */ = {isa = PBXFileReference; lastKnownFileType = wrapper.xcdatamodel; path = Meshi365.xcdatamodel; sourceTree = "<group>"; };
		B8D0789C163D3D870050FF39 /* Meshi365Tests.octest */ = {isa = PBXFileReference; explicitFileType = wrapper.cfbundle; includeInIndex = 0; path = Meshi365Tests.octest; sourceTree = BUILT_PRODUCTS_DIR; };
		B8D0789D163D3D870050FF39 /* SenTestingKit.framework */ = {isa = PBXFileReference; lastKnownFileType = wrapper.framework; name = SenTestingKit.framework; path = Library/Frameworks/SenTestingKit.framework; sourceTree = DEVELOPER_DIR; };
		B8D078A6163D3D870050FF39 /* Meshi365Tests-Info.plist */ = {isa = PBXFileReference; lastKnownFileType = text.plist.xml; path = "Meshi365Tests-Info.plist"; sourceTree = "<group>"; };
		B8D078A8163D3D870050FF39 /* en */ = {isa = PBXFileReference; lastKnownFileType = text.plist.strings; name = en; path = en.lproj/InfoPlist.strings; sourceTree = "<group>"; };
		B8D078AA163D3D870050FF39 /* Meshi365Tests.h */ = {isa = PBXFileReference; lastKnownFileType = sourcecode.c.h; path = Meshi365Tests.h; sourceTree = "<group>"; };
		B8D078AB163D3D870050FF39 /* Meshi365Tests.m */ = {isa = PBXFileReference; lastKnownFileType = sourcecode.c.objc; path = Meshi365Tests.m; sourceTree = "<group>"; };
/* End PBXFileReference section */

/* Begin PBXFrameworksBuildPhase section */
		B8D07873163D3D870050FF39 /* Frameworks */ = {
			isa = PBXFrameworksBuildPhase;
			buildActionMask = 2147483647;
			files = (
				B8D0787B163D3D870050FF39 /* UIKit.framework in Frameworks */,
				B8D0787D163D3D870050FF39 /* Foundation.framework in Frameworks */,
				B8D0787F163D3D870050FF39 /* CoreGraphics.framework in Frameworks */,
				B8D07881163D3D870050FF39 /* CoreData.framework in Frameworks */,
				B80524E8163F59A6005B74F8 /* AWSiOSSDK.framework in Frameworks */,
				B80524E9163F59A6005B74F8 /* AWSPersistence.framework in Frameworks */,
			);
			runOnlyForDeploymentPostprocessing = 0;
		};
		B8D07898163D3D870050FF39 /* Frameworks */ = {
			isa = PBXFrameworksBuildPhase;
			buildActionMask = 2147483647;
			files = (
				B8D0789E163D3D870050FF39 /* SenTestingKit.framework in Frameworks */,
				B8D0789F163D3D870050FF39 /* UIKit.framework in Frameworks */,
				B8D078A0163D3D870050FF39 /* Foundation.framework in Frameworks */,
				B8D078A1163D3D870050FF39 /* CoreData.framework in Frameworks */,
			);
			runOnlyForDeploymentPostprocessing = 0;
		};
/* End PBXFrameworksBuildPhase section */

/* Begin PBXGroup section */
		B80524A2163EEB59005B74F8 /* Resources */ = {
			isa = PBXGroup;
			children = (
				27D1ABCD164022F10010EDF7 /* no_image_others.png */,
				27D1ABCE164022F10010EDF7 /* no_image_others@2x.png */,
				279FB491163FAAFA0057D896 /* no_image_breakfast.png */,
				279FB492163FAAFA0057D896 /* no_image_breakfast@2x.png */,
				279FB493163FAAFA0057D896 /* no_image_lunch.png */,
				279FB494163FAAFA0057D896 /* no_image_lunch@2x.png */,
				279FB495163FAAFA0057D896 /* no_image_supper.png */,
				279FB496163FAAFA0057D896 /* no_image_supper@2x.png */,
				8C180949163F2A1A003400EB /* sampleMenu.png */,
				8C180946163F29C9003400EB /* starNonSelect.png */,
				8CD1BA55163EEF8C00AFA334 /* star.png */,
				B80524A3163EEB59005B74F8 /* no_image.png */,
				B80524A4163EEB59005B74F8 /* no_image@2x.png */,
			);
			path = Resources;
			sourceTree = "<group>";
		};
		B80524A7163EEBBA005B74F8 /* ViewControllers */ = {
			isa = PBXGroup;
			children = (
				B80524BD163EEC79005B74F8 /* VIews */,
				B80524A8163EEBBA005B74F8 /* MSCameraViewController.h */,
				B80524A9163EEBBA005B74F8 /* MSCameraViewController.m */,
				B80524AA163EEBBA005B74F8 /* MSConfigViewController.h */,
				B80524AB163EEBBA005B74F8 /* MSConfigViewController.m */,
				B80524AE163EEBBA005B74F8 /* MSFoodLineViewController.h */,
				B80524AF163EEBBA005B74F8 /* MSFoodLineViewController.m */,
				B80524B0163EEBBA005B74F8 /* MSMiniCalenderViewController.h */,
				B80524B1163EEBBA005B74F8 /* MSMiniCalenderViewController.m */,
				B80524B2163EEBBA005B74F8 /* MSRecommendViewController.h */,
				B80524B3163EEBBA005B74F8 /* MSRecommendViewController.m */,
				B80524B4163EEBBA005B74F8 /* MSTodayMealViewController.h */,
				B80524B5163EEBBA005B74F8 /* MSTodayMealViewController.m */,
				279DA49C163F689D00AF6E26 /* MSValueImageView.h */,
				279DA49D163F689D00AF6E26 /* MSValueImageView.m */,
			);
			path = ViewControllers;
			sourceTree = "<group>";
		};
		B80524BD163EEC79005B74F8 /* VIews */ = {
			isa = PBXGroup;
			children = (
				B80524BE163EEC7A005B74F8 /* MSFoodLineCell.h */,
				B80524BF163EEC7A005B74F8 /* MSFoodLineCell.m */,
				8C18094E163F355B003400EB /* MSMiniCalenderTableView.h */,
				8C18094F163F355B003400EB /* MSMiniCalenderTableView.m */,
				8C1699EE163F937100194888 /* MSMiniCalenderScrollView.h */,
				8C1699EF163F937100194888 /* MSMiniCalenderScrollView.m */,
				B805252216406429005B74F8 /* MSFoodPictureImage.h */,
				B805252316406429005B74F8 /* MSFoodPictureImage.m */,
			);
			path = VIews;
			sourceTree = "<group>";
		};
		B8052503163F96B7005B74F8 /* Models */ = {
			isa = PBXGroup;
			children = (
				B8052505163F96C6005B74F8 /* MSUser.h */,
				B8052506163F96C6005B74F8 /* MSUser.m */,
				B8052508163FA2A8005B74F8 /* MSFoodPicture.h */,
				B8052509163FA2A8005B74F8 /* MSFoodPicture.m */,
			);
			path = Models;
			sourceTree = "<group>";
		};
		B8D0786B163D3D870050FF39 = {
			isa = PBXGroup;
			children = (
				B8D07882163D3D870050FF39 /* Meshi365 */,
				B8D07883163D3D870050FF39 /* Supporting Files */,
				B8D078A4163D3D870050FF39 /* Meshi365Tests */,
				B8D07879163D3D870050FF39 /* Frameworks */,
				B8D07877163D3D870050FF39 /* Products */,
			);
			sourceTree = "<group>";
		};
		B8D07877163D3D870050FF39 /* Products */ = {
			isa = PBXGroup;
			children = (
				B8D07876163D3D870050FF39 /* Meshi365.app */,
				B8D0789C163D3D870050FF39 /* Meshi365Tests.octest */,
			);
			name = Products;
			sourceTree = "<group>";
		};
		B8D07879163D3D870050FF39 /* Frameworks */ = {
			isa = PBXGroup;
			children = (
				B80524E6163F59A6005B74F8 /* AWSiOSSDK.framework */,
				B80524E7163F59A6005B74F8 /* AWSPersistence.framework */,
				B8D0787A163D3D870050FF39 /* UIKit.framework */,
				B8D0787C163D3D870050FF39 /* Foundation.framework */,
				B8D0787E163D3D870050FF39 /* CoreGraphics.framework */,
				B8D07880163D3D870050FF39 /* CoreData.framework */,
				B8D0789D163D3D870050FF39 /* SenTestingKit.framework */,
			);
			name = Frameworks;
			sourceTree = "<group>";
		};
		B8D07882163D3D870050FF39 /* Meshi365 */ = {
			isa = PBXGroup;
			children = (
				B8D0788B163D3D870050FF39 /* AppDelegate.h */,
				B8D0788C163D3D870050FF39 /* AppDelegate.m */,
				B8D07894163D3D870050FF39 /* Meshi365.xcdatamodeld */,
				B805252016403E94005B74F8 /* MSGlobal.h */,
				B805248D163E45AB005B74F8 /* MSNetworkConnector.h */,
				B805248E163E45AB005B74F8 /* MSNetworkConnector.m */,
				B80524FB163F92F8005B74F8 /* MSAWSConnector.h */,
				B80524FC163F92F8005B74F8 /* MSAWSConnector.m */,
				B8052499163E4EF0005B74F8 /* MSUIIDController.h */,
				B805249A163E4EF0005B74F8 /* MSUIIDController.m */,
				8C7B3BCF163E3F2600B8D7C1 /* MSRootTabBarController.h */,
				8C7B3BD0163E3F2600B8D7C1 /* MSRootTabBarController.m */,
				B8052503163F96B7005B74F8 /* Models */,
				B80524A7163EEBBA005B74F8 /* ViewControllers */,
			);
			path = Meshi365;
			sourceTree = "<group>";
		};
		B8D07883163D3D870050FF39 /* Supporting Files */ = {
			isa = PBXGroup;
			children = (
				B80524A2163EEB59005B74F8 /* Resources */,
				B8D07884163D3D870050FF39 /* Meshi365-Info.plist */,
				B8D07885163D3D870050FF39 /* InfoPlist.strings */,
				B8D07888163D3D870050FF39 /* main.m */,
				B8D0788A163D3D870050FF39 /* Meshi365-Prefix.pch */,
				B8D0788E163D3D870050FF39 /* Default.png */,
				B8D07890163D3D870050FF39 /* Default@2x.png */,
				B8D07892163D3D870050FF39 /* Default-568h@2x.png */,
			);
			name = "Supporting Files";
			path = Meshi365;
			sourceTree = "<group>";
		};
		B8D078A4163D3D870050FF39 /* Meshi365Tests */ = {
			isa = PBXGroup;
			children = (
				B8D078AA163D3D870050FF39 /* Meshi365Tests.h */,
				B8D078AB163D3D870050FF39 /* Meshi365Tests.m */,
				B8D078A5163D3D870050FF39 /* Supporting Files */,
			);
			path = Meshi365Tests;
			sourceTree = "<group>";
		};
		B8D078A5163D3D870050FF39 /* Supporting Files */ = {
			isa = PBXGroup;
			children = (
				B8D078A6163D3D870050FF39 /* Meshi365Tests-Info.plist */,
				B8D078A7163D3D870050FF39 /* InfoPlist.strings */,
			);
			name = "Supporting Files";
			sourceTree = "<group>";
		};
/* End PBXGroup section */

/* Begin PBXNativeTarget section */
		B8D07875163D3D870050FF39 /* Meshi365 */ = {
			isa = PBXNativeTarget;
			buildConfigurationList = B8D078AF163D3D870050FF39 /* Build configuration list for PBXNativeTarget "Meshi365" */;
			buildPhases = (
				B8D07872163D3D870050FF39 /* Sources */,
				B8D07873163D3D870050FF39 /* Frameworks */,
				B8D07874163D3D870050FF39 /* Resources */,
			);
			buildRules = (
			);
			dependencies = (
			);
			name = Meshi365;
			productName = Meshi365;
			productReference = B8D07876163D3D870050FF39 /* Meshi365.app */;
			productType = "com.apple.product-type.application";
		};
		B8D0789B163D3D870050FF39 /* Meshi365Tests */ = {
			isa = PBXNativeTarget;
			buildConfigurationList = B8D078B2163D3D870050FF39 /* Build configuration list for PBXNativeTarget "Meshi365Tests" */;
			buildPhases = (
				B8D07897163D3D870050FF39 /* Sources */,
				B8D07898163D3D870050FF39 /* Frameworks */,
				B8D07899163D3D870050FF39 /* Resources */,
				B8D0789A163D3D870050FF39 /* ShellScript */,
			);
			buildRules = (
			);
			dependencies = (
				B8D078A3163D3D870050FF39 /* PBXTargetDependency */,
			);
			name = Meshi365Tests;
			productName = Meshi365Tests;
			productReference = B8D0789C163D3D870050FF39 /* Meshi365Tests.octest */;
			productType = "com.apple.product-type.bundle";
		};
/* End PBXNativeTarget section */

/* Begin PBXProject section */
		B8D0786D163D3D870050FF39 /* Project object */ = {
			isa = PBXProject;
			attributes = {
				LastUpgradeCheck = 0450;
				ORGANIZATIONNAME = Akifumi;
			};
			buildConfigurationList = B8D07870163D3D870050FF39 /* Build configuration list for PBXProject "Meshi365" */;
			compatibilityVersion = "Xcode 3.2";
			developmentRegion = English;
			hasScannedForEncodings = 0;
			knownRegions = (
				en,
			);
			mainGroup = B8D0786B163D3D870050FF39;
			productRefGroup = B8D07877163D3D870050FF39 /* Products */;
			projectDirPath = "";
			projectRoot = "";
			targets = (
				B8D07875163D3D870050FF39 /* Meshi365 */,
				B8D0789B163D3D870050FF39 /* Meshi365Tests */,
			);
		};
/* End PBXProject section */

/* Begin PBXResourcesBuildPhase section */
		B8D07874163D3D870050FF39 /* Resources */ = {
			isa = PBXResourcesBuildPhase;
			buildActionMask = 2147483647;
			files = (
				B8D07887163D3D870050FF39 /* InfoPlist.strings in Resources */,
				B8D0788F163D3D870050FF39 /* Default.png in Resources */,
				B8D07891163D3D870050FF39 /* Default@2x.png in Resources */,
				B8D07893163D3D870050FF39 /* Default-568h@2x.png in Resources */,
				B80524A5163EEB59005B74F8 /* no_image.png in Resources */,
				B80524A6163EEB59005B74F8 /* no_image@2x.png in Resources */,
				8CD1BA56163EEF8C00AFA334 /* star.png in Resources */,
				8C180947163F29C9003400EB /* starNonSelect.png in Resources */,
				8C18094A163F2A1A003400EB /* sampleMenu.png in Resources */,
				279FB497163FAAFA0057D896 /* no_image_breakfast.png in Resources */,
				279FB498163FAAFA0057D896 /* no_image_breakfast@2x.png in Resources */,
				279FB499163FAAFA0057D896 /* no_image_lunch.png in Resources */,
				279FB49A163FAAFA0057D896 /* no_image_lunch@2x.png in Resources */,
				279FB49B163FAAFA0057D896 /* no_image_supper.png in Resources */,
				279FB49C163FAAFA0057D896 /* no_image_supper@2x.png in Resources */,
				27D1ABCF164022F10010EDF7 /* no_image_others.png in Resources */,
				27D1ABD0164022F10010EDF7 /* no_image_others@2x.png in Resources */,
			);
			runOnlyForDeploymentPostprocessing = 0;
		};
		B8D07899163D3D870050FF39 /* Resources */ = {
			isa = PBXResourcesBuildPhase;
			buildActionMask = 2147483647;
			files = (
				B8D078A9163D3D870050FF39 /* InfoPlist.strings in Resources */,
			);
			runOnlyForDeploymentPostprocessing = 0;
		};
/* End PBXResourcesBuildPhase section */

/* Begin PBXShellScriptBuildPhase section */
		B8D0789A163D3D870050FF39 /* ShellScript */ = {
			isa = PBXShellScriptBuildPhase;
			buildActionMask = 2147483647;
			files = (
			);
			inputPaths = (
			);
			outputPaths = (
			);
			runOnlyForDeploymentPostprocessing = 0;
			shellPath = /bin/sh;
			shellScript = "# Run the unit tests in this test bundle.\n\"${SYSTEM_DEVELOPER_DIR}/Tools/RunUnitTests\"\n";
		};
/* End PBXShellScriptBuildPhase section */

/* Begin PBXSourcesBuildPhase section */
		B8D07872163D3D870050FF39 /* Sources */ = {
			isa = PBXSourcesBuildPhase;
			buildActionMask = 2147483647;
			files = (
				B8D07889163D3D870050FF39 /* main.m in Sources */,
				B8D0788D163D3D870050FF39 /* AppDelegate.m in Sources */,
				B8D07896163D3D870050FF39 /* Meshi365.xcdatamodeld in Sources */,
				8C7B3BD1163E3F2600B8D7C1 /* MSRootTabBarController.m in Sources */,
				B805248F163E45AB005B74F8 /* MSNetworkConnector.m in Sources */,
				B805249B163E4EF0005B74F8 /* MSUIIDController.m in Sources */,
				B80524B6163EEBBA005B74F8 /* MSCameraViewController.m in Sources */,
				B80524B7163EEBBA005B74F8 /* MSConfigViewController.m in Sources */,
				B80524B9163EEBBA005B74F8 /* MSFoodLineViewController.m in Sources */,
				B80524BA163EEBBA005B74F8 /* MSMiniCalenderViewController.m in Sources */,
				B80524BB163EEBBA005B74F8 /* MSRecommendViewController.m in Sources */,
				B80524BC163EEBBA005B74F8 /* MSTodayMealViewController.m in Sources */,
				B80524C0163EEC7A005B74F8 /* MSFoodLineCell.m in Sources */,
				8C180950163F355B003400EB /* MSMiniCalenderTableView.m in Sources */,
				279DA49E163F689D00AF6E26 /* MSValueImageView.m in Sources */,
				B80524FD163F92F8005B74F8 /* MSAWSConnector.m in Sources */,
				8C1699F0163F937100194888 /* MSMiniCalenderScrollView.m in Sources */,
				B8052507163F96C6005B74F8 /* MSUser.m in Sources */,
				B805250A163FA2A8005B74F8 /* MSFoodPicture.m in Sources */,
				B805252416406429005B74F8 /* MSFoodPictureImage.m in Sources */,
			);
			runOnlyForDeploymentPostprocessing = 0;
		};
		B8D07897163D3D870050FF39 /* Sources */ = {
			isa = PBXSourcesBuildPhase;
			buildActionMask = 2147483647;
			files = (
				B8D078AC163D3D870050FF39 /* Meshi365Tests.m in Sources */,
			);
			runOnlyForDeploymentPostprocessing = 0;
		};
/* End PBXSourcesBuildPhase section */

/* Begin PBXTargetDependency section */
		B8D078A3163D3D870050FF39 /* PBXTargetDependency */ = {
			isa = PBXTargetDependency;
			target = B8D07875163D3D870050FF39 /* Meshi365 */;
			targetProxy = B8D078A2163D3D870050FF39 /* PBXContainerItemProxy */;
		};
/* End PBXTargetDependency section */

/* Begin PBXVariantGroup section */
		B8D07885163D3D870050FF39 /* InfoPlist.strings */ = {
			isa = PBXVariantGroup;
			children = (
				B8D07886163D3D870050FF39 /* en */,
			);
			name = InfoPlist.strings;
			sourceTree = "<group>";
		};
		B8D078A7163D3D870050FF39 /* InfoPlist.strings */ = {
			isa = PBXVariantGroup;
			children = (
				B8D078A8163D3D870050FF39 /* en */,
			);
			name = InfoPlist.strings;
			sourceTree = "<group>";
		};
/* End PBXVariantGroup section */

/* Begin XCBuildConfiguration section */
		B8D078AD163D3D870050FF39 /* Debug */ = {
			isa = XCBuildConfiguration;
			buildSettings = {
				ALWAYS_SEARCH_USER_PATHS = NO;
				CLANG_CXX_LANGUAGE_STANDARD = "gnu++0x";
				CLANG_CXX_LIBRARY = "libc++";
				CLANG_ENABLE_OBJC_ARC = YES;
				CLANG_WARN_EMPTY_BODY = YES;
				CLANG_WARN__DUPLICATE_METHOD_MATCH = YES;
				"CODE_SIGN_IDENTITY[sdk=iphoneos*]" = "iPhone Developer";
				COPY_PHASE_STRIP = NO;
				GCC_C_LANGUAGE_STANDARD = gnu99;
				GCC_DYNAMIC_NO_PIC = NO;
				GCC_OPTIMIZATION_LEVEL = 0;
				GCC_PREPROCESSOR_DEFINITIONS = (
					"DEBUG=1",
					"$(inherited)",
				);
				GCC_SYMBOLS_PRIVATE_EXTERN = NO;
				GCC_WARN_ABOUT_RETURN_TYPE = YES;
				GCC_WARN_UNINITIALIZED_AUTOS = YES;
				GCC_WARN_UNUSED_VARIABLE = YES;
				IPHONEOS_DEPLOYMENT_TARGET = 6.0;
				ONLY_ACTIVE_ARCH = YES;
				SDKROOT = iphoneos;
				TARGETED_DEVICE_FAMILY = "1,2";
			};
			name = Debug;
		};
		B8D078AE163D3D870050FF39 /* Release */ = {
			isa = XCBuildConfiguration;
			buildSettings = {
				ALWAYS_SEARCH_USER_PATHS = NO;
				CLANG_CXX_LANGUAGE_STANDARD = "gnu++0x";
				CLANG_CXX_LIBRARY = "libc++";
				CLANG_ENABLE_OBJC_ARC = YES;
				CLANG_WARN_EMPTY_BODY = YES;
				CLANG_WARN__DUPLICATE_METHOD_MATCH = YES;
				"CODE_SIGN_IDENTITY[sdk=iphoneos*]" = "iPhone Developer";
				COPY_PHASE_STRIP = YES;
				GCC_C_LANGUAGE_STANDARD = gnu99;
				GCC_WARN_ABOUT_RETURN_TYPE = YES;
				GCC_WARN_UNINITIALIZED_AUTOS = YES;
				GCC_WARN_UNUSED_VARIABLE = YES;
				IPHONEOS_DEPLOYMENT_TARGET = 6.0;
				OTHER_CFLAGS = "-DNS_BLOCK_ASSERTIONS=1";
				SDKROOT = iphoneos;
				TARGETED_DEVICE_FAMILY = "1,2";
				VALIDATE_PRODUCT = YES;
			};
			name = Release;
		};
		B8D078B0163D3D870050FF39 /* Debug */ = {
			isa = XCBuildConfiguration;
			buildSettings = {
				FRAMEWORK_SEARCH_PATHS = (
					"$(inherited)",
					"\"$(SRCROOT)\"",
				);
				GCC_PRECOMPILE_PREFIX_HEADER = YES;
				GCC_PREFIX_HEADER = "Meshi365/Meshi365-Prefix.pch";
				INFOPLIST_FILE = "Meshi365/Meshi365-Info.plist";
				PRODUCT_NAME = "$(TARGET_NAME)";
				WRAPPER_EXTENSION = app;
			};
			name = Debug;
		};
		B8D078B1163D3D870050FF39 /* Release */ = {
			isa = XCBuildConfiguration;
			buildSettings = {
				FRAMEWORK_SEARCH_PATHS = (
					"$(inherited)",
					"\"$(SRCROOT)\"",
				);
				GCC_PRECOMPILE_PREFIX_HEADER = YES;
				GCC_PREFIX_HEADER = "Meshi365/Meshi365-Prefix.pch";
				INFOPLIST_FILE = "Meshi365/Meshi365-Info.plist";
				PRODUCT_NAME = "$(TARGET_NAME)";
				WRAPPER_EXTENSION = app;
			};
			name = Release;
		};
		B8D078B3163D3D870050FF39 /* Debug */ = {
			isa = XCBuildConfiguration;
			buildSettings = {
				BUNDLE_LOADER = "$(BUILT_PRODUCTS_DIR)/Meshi365.app/Meshi365";
				FRAMEWORK_SEARCH_PATHS = (
					"\"$(SDKROOT)/Developer/Library/Frameworks\"",
					"\"$(DEVELOPER_LIBRARY_DIR)/Frameworks\"",
				);
				GCC_PRECOMPILE_PREFIX_HEADER = YES;
				GCC_PREFIX_HEADER = "Meshi365/Meshi365-Prefix.pch";
				INFOPLIST_FILE = "Meshi365Tests/Meshi365Tests-Info.plist";
				PRODUCT_NAME = "$(TARGET_NAME)";
				TEST_HOST = "$(BUNDLE_LOADER)";
				WRAPPER_EXTENSION = octest;
			};
			name = Debug;
		};
		B8D078B4163D3D870050FF39 /* Release */ = {
			isa = XCBuildConfiguration;
			buildSettings = {
				BUNDLE_LOADER = "$(BUILT_PRODUCTS_DIR)/Meshi365.app/Meshi365";
				FRAMEWORK_SEARCH_PATHS = (
					"\"$(SDKROOT)/Developer/Library/Frameworks\"",
					"\"$(DEVELOPER_LIBRARY_DIR)/Frameworks\"",
				);
				GCC_PRECOMPILE_PREFIX_HEADER = YES;
				GCC_PREFIX_HEADER = "Meshi365/Meshi365-Prefix.pch";
				INFOPLIST_FILE = "Meshi365Tests/Meshi365Tests-Info.plist";
				PRODUCT_NAME = "$(TARGET_NAME)";
				TEST_HOST = "$(BUNDLE_LOADER)";
				WRAPPER_EXTENSION = octest;
			};
			name = Release;
		};
/* End XCBuildConfiguration section */

/* Begin XCConfigurationList section */
		B8D07870163D3D870050FF39 /* Build configuration list for PBXProject "Meshi365" */ = {
			isa = XCConfigurationList;
			buildConfigurations = (
				B8D078AD163D3D870050FF39 /* Debug */,
				B8D078AE163D3D870050FF39 /* Release */,
			);
			defaultConfigurationIsVisible = 0;
			defaultConfigurationName = Release;
		};
		B8D078AF163D3D870050FF39 /* Build configuration list for PBXNativeTarget "Meshi365" */ = {
			isa = XCConfigurationList;
			buildConfigurations = (
				B8D078B0163D3D870050FF39 /* Debug */,
				B8D078B1163D3D870050FF39 /* Release */,
			);
			defaultConfigurationIsVisible = 0;
			defaultConfigurationName = Release;
		};
		B8D078B2163D3D870050FF39 /* Build configuration list for PBXNativeTarget "Meshi365Tests" */ = {
			isa = XCConfigurationList;
			buildConfigurations = (
				B8D078B3163D3D870050FF39 /* Debug */,
				B8D078B4163D3D870050FF39 /* Release */,
			);
			defaultConfigurationIsVisible = 0;
			defaultConfigurationName = Release;
		};
/* End XCConfigurationList section */

/* Begin XCVersionGroup section */
		B8D07894163D3D870050FF39 /* Meshi365.xcdatamodeld */ = {
			isa = XCVersionGroup;
			children = (
				B8D07895163D3D870050FF39 /* Meshi365.xcdatamodel */,
			);
			currentVersion = B8D07895163D3D870050FF39 /* Meshi365.xcdatamodel */;
			path = Meshi365.xcdatamodeld;
			sourceTree = "<group>";
			versionGroupType = wrapper.xcdatamodel;
		};
/* End XCVersionGroup section */
	};
	rootObject = B8D0786D163D3D870050FF39 /* Project object */;
}
