// !$*UTF8*$!
{
	archiveVersion = 1;
	classes = {
	};
	objectVersion = 46;
	objects = {

/* Begin PBXBuildFile section */
		270E10171647ABBA00D8896B /* MSFriendSearchViewController.m in Sources */ = {isa = PBXBuildFile; fileRef = 270E10161647ABBA00D8896B /* MSFriendSearchViewController.m */; };
		270E101B1647B4F900D8896B /* MSAccountNavigationController.m in Sources */ = {isa = PBXBuildFile; fileRef = 270E101A1647B4F800D8896B /* MSAccountNavigationController.m */; };
		27272A7D1648478900FC3434 /* breakfastNoImage.png in Resources */ = {isa = PBXBuildFile; fileRef = 27272A711648478200FC3434 /* breakfastNoImage.png */; };
		27272A7E1648478900FC3434 /* breakfastNoImage@2x.png in Resources */ = {isa = PBXBuildFile; fileRef = 27272A721648478200FC3434 /* breakfastNoImage@2x.png */; };
		27272A7F1648478900FC3434 /* breakfastNowLoading.png in Resources */ = {isa = PBXBuildFile; fileRef = 27272A731648478300FC3434 /* breakfastNowLoading.png */; };
		27272A801648478900FC3434 /* breakfastNowLoading@2x.png in Resources */ = {isa = PBXBuildFile; fileRef = 27272A741648478300FC3434 /* breakfastNowLoading@2x.png */; };
		27272A811648478900FC3434 /* lunchNoImage.png in Resources */ = {isa = PBXBuildFile; fileRef = 27272A751648478400FC3434 /* lunchNoImage.png */; };
		27272A821648478900FC3434 /* lunchNoImage@2x.png in Resources */ = {isa = PBXBuildFile; fileRef = 27272A761648478500FC3434 /* lunchNoImage@2x.png */; };
		27272A831648478900FC3434 /* lunchNowLoading.png in Resources */ = {isa = PBXBuildFile; fileRef = 27272A771648478500FC3434 /* lunchNowLoading.png */; };
		27272A841648478900FC3434 /* lunchNowLoading@2x.png in Resources */ = {isa = PBXBuildFile; fileRef = 27272A781648478700FC3434 /* lunchNowLoading@2x.png */; };
		27272A851648478900FC3434 /* supperNoImage.png in Resources */ = {isa = PBXBuildFile; fileRef = 27272A791648478700FC3434 /* supperNoImage.png */; };
		27272A861648478900FC3434 /* supperNoImage@2x.png in Resources */ = {isa = PBXBuildFile; fileRef = 27272A7A1648478800FC3434 /* supperNoImage@2x.png */; };
		27272A871648478900FC3434 /* supperNowLoading.png in Resources */ = {isa = PBXBuildFile; fileRef = 27272A7B1648478800FC3434 /* supperNowLoading.png */; };
		27272A881648478900FC3434 /* supperNowLoading@2x.png in Resources */ = {isa = PBXBuildFile; fileRef = 27272A7C1648478900FC3434 /* supperNowLoading@2x.png */; };
		27272A8F16484FCC00FC3434 /* otherMealFrame.png in Resources */ = {isa = PBXBuildFile; fileRef = 27272A8916484FC600FC3434 /* otherMealFrame.png */; };
		27272A9016484FCC00FC3434 /* otherMealFrame@2x.png in Resources */ = {isa = PBXBuildFile; fileRef = 27272A8A16484FC700FC3434 /* otherMealFrame@2x.png */; };
		27272A9116484FCC00FC3434 /* otherNoImage.png in Resources */ = {isa = PBXBuildFile; fileRef = 27272A8B16484FC800FC3434 /* otherNoImage.png */; };
		27272A9216484FCC00FC3434 /* otherNoImage@2x.png in Resources */ = {isa = PBXBuildFile; fileRef = 27272A8C16484FC900FC3434 /* otherNoImage@2x.png */; };
		27272A9316484FCC00FC3434 /* otherNowLoading.png in Resources */ = {isa = PBXBuildFile; fileRef = 27272A8D16484FCA00FC3434 /* otherNowLoading.png */; };
		27272A9416484FCC00FC3434 /* otherNowLoading@2x.png in Resources */ = {isa = PBXBuildFile; fileRef = 27272A8E16484FCB00FC3434 /* otherNowLoading@2x.png */; };
		27272A9B1648787700FC3434 /* BigNoImage.png in Resources */ = {isa = PBXBuildFile; fileRef = 27272A951648786E00FC3434 /* BigNoImage.png */; };
		27272A9C1648787700FC3434 /* BigNoImage@2x.png in Resources */ = {isa = PBXBuildFile; fileRef = 27272A961648786F00FC3434 /* BigNoImage@2x.png */; };
		27272A9D1648787700FC3434 /* BigNowLoading.png in Resources */ = {isa = PBXBuildFile; fileRef = 27272A971648787100FC3434 /* BigNowLoading.png */; };
		27272A9E1648787700FC3434 /* BigNowLoading@2x.png in Resources */ = {isa = PBXBuildFile; fileRef = 27272A981648787300FC3434 /* BigNowLoading@2x.png */; };
		27272A9F1648787700FC3434 /* NoImage.png in Resources */ = {isa = PBXBuildFile; fileRef = 27272A991648787400FC3434 /* NoImage.png */; };
		27272AA01648787700FC3434 /* NoImage@2x.png in Resources */ = {isa = PBXBuildFile; fileRef = 27272A9A1648787600FC3434 /* NoImage@2x.png */; };
		27272AA216488BE800FC3434 /* othersLogo.png in Resources */ = {isa = PBXBuildFile; fileRef = 27272AA116488BE500FC3434 /* othersLogo.png */; };
		2732C980164200BF000B3AB0 /* Icon_Twitter.png in Resources */ = {isa = PBXBuildFile; fileRef = 2732C97E164200BF000B3AB0 /* Icon_Twitter.png */; };
		274AA4931648F86B00B5E1E9 /* icon.png in Resources */ = {isa = PBXBuildFile; fileRef = 274AA48F1648F86B00B5E1E9 /* icon.png */; };
		274AA4941648F86B00B5E1E9 /* icon@2x.png in Resources */ = {isa = PBXBuildFile; fileRef = 274AA4901648F86B00B5E1E9 /* icon@2x.png */; };
		274AA4951648F86B00B5E1E9 /* launch.png in Resources */ = {isa = PBXBuildFile; fileRef = 274AA4911648F86B00B5E1E9 /* launch.png */; };
		274AA4961648F86B00B5E1E9 /* launch@2x.png in Resources */ = {isa = PBXBuildFile; fileRef = 274AA4921648F86B00B5E1E9 /* launch@2x.png */; };
		274AA4991648F88200B5E1E9 /* icon.png in Resources */ = {isa = PBXBuildFile; fileRef = 274AA4981648F88200B5E1E9 /* icon.png */; };
		274AA49B1648F88A00B5E1E9 /* icon@2x.png in Resources */ = {isa = PBXBuildFile; fileRef = 274AA49A1648F88A00B5E1E9 /* icon@2x.png */; };
		274AA49D1648F89100B5E1E9 /* Default.png in Resources */ = {isa = PBXBuildFile; fileRef = 274AA49C1648F89100B5E1E9 /* Default.png */; };
		274AA49F1648F89600B5E1E9 /* Default@2x.png in Resources */ = {isa = PBXBuildFile; fileRef = 274AA49E1648F89600B5E1E9 /* Default@2x.png */; };
		2757A2AF16416E1800975AC8 /* CoreLocation.framework in Frameworks */ = {isa = PBXBuildFile; fileRef = 2757A2AE16416E1800975AC8 /* CoreLocation.framework */; };
		2757A2B31641765F00975AC8 /* MSFoodLineNavigationViewController.m in Sources */ = {isa = PBXBuildFile; fileRef = 2757A2B21641765F00975AC8 /* MSFoodLineNavigationViewController.m */; };
		2757A2B61641796600975AC8 /* MSFriendListViewController.m in Sources */ = {isa = PBXBuildFile; fileRef = 2757A2B51641796600975AC8 /* MSFriendListViewController.m */; };
		2757A2C41641963900975AC8 /* MSSignUpViewController.m in Sources */ = {isa = PBXBuildFile; fileRef = 2757A2C31641963900975AC8 /* MSSignUpViewController.m */; };
		27684C411643880D0006540B /* tabicon_today.png in Resources */ = {isa = PBXBuildFile; fileRef = 27684C401643880D0006540B /* tabicon_today.png */; };
		27684C4716438A0A0006540B /* tabicon_account.png in Resources */ = {isa = PBXBuildFile; fileRef = 27684C4316438A0A0006540B /* tabicon_account.png */; };
		27684C4816438A0A0006540B /* tabicon_foodline.png in Resources */ = {isa = PBXBuildFile; fileRef = 27684C4416438A0A0006540B /* tabicon_foodline.png */; };
		27684C4916438A0A0006540B /* tabicon_minical.png in Resources */ = {isa = PBXBuildFile; fileRef = 27684C4516438A0A0006540B /* tabicon_minical.png */; };
		27684C4A16438A0A0006540B /* tabicon_recommend.png in Resources */ = {isa = PBXBuildFile; fileRef = 27684C4616438A0A0006540B /* tabicon_recommend.png */; };
		279DA49E163F689D00AF6E26 /* MSValueImageView.m in Sources */ = {isa = PBXBuildFile; fileRef = 279DA49D163F689D00AF6E26 /* MSValueImageView.m */; };
		27EA729B16431ED2007CD1AC /* Icon_Facebook_dark.png in Resources */ = {isa = PBXBuildFile; fileRef = 27EA729816431ED2007CD1AC /* Icon_Facebook_dark.png */; };
		27EA729C16431ED2007CD1AC /* Icon_Facebook.png in Resources */ = {isa = PBXBuildFile; fileRef = 27EA729916431ED2007CD1AC /* Icon_Facebook.png */; };
		27EA729D16431ED2007CD1AC /* Icon_Twitter_dark.png in Resources */ = {isa = PBXBuildFile; fileRef = 27EA729A16431ED2007CD1AC /* Icon_Twitter_dark.png */; };
		27EA72B516434DAE007CD1AC /* breakfastMealFrame.png in Resources */ = {isa = PBXBuildFile; fileRef = 27EA72AF16434DAE007CD1AC /* breakfastMealFrame.png */; };
		27EA72B716434DAE007CD1AC /* lunchMealFrame.png in Resources */ = {isa = PBXBuildFile; fileRef = 27EA72B116434DAE007CD1AC /* lunchMealFrame.png */; };
		27EA72B916434DAE007CD1AC /* supperMealFrame.png in Resources */ = {isa = PBXBuildFile; fileRef = 27EA72B316434DAE007CD1AC /* supperMealFrame.png */; };
		27EDF40B1647C32C0093C140 /* MSFriendRequestViewController.m in Sources */ = {isa = PBXBuildFile; fileRef = 27EDF40A1647C32C0093C140 /* MSFriendRequestViewController.m */; };
		8C0CC86516408F6B008B830B /* MSRecommendCell.m in Sources */ = {isa = PBXBuildFile; fileRef = 8C0CC86416408F6B008B830B /* MSRecommendCell.m */; };
		8C1699F0163F937100194888 /* MSMiniCalenderScrollView.m in Sources */ = {isa = PBXBuildFile; fileRef = 8C1699EF163F937100194888 /* MSMiniCalenderScrollView.m */; };
		8C180947163F29C9003400EB /* starNonSelect.png in Resources */ = {isa = PBXBuildFile; fileRef = 8C180946163F29C9003400EB /* starNonSelect.png */; };
		8C180950163F355B003400EB /* MSMiniCalenderTableView.m in Sources */ = {isa = PBXBuildFile; fileRef = 8C18094F163F355B003400EB /* MSMiniCalenderTableView.m */; };
		8C40728B16490E4E00990A74 /* MSMiniCalenderCell.m in Sources */ = {isa = PBXBuildFile; fileRef = 8C40728A16490E4E00990A74 /* MSMiniCalenderCell.m */; };
		8C66D31816408A9B0010777F /* MSRecommendTableView.m in Sources */ = {isa = PBXBuildFile; fileRef = 8C66D31716408A9B0010777F /* MSRecommendTableView.m */; };
		8C7B3BD1163E3F2600B8D7C1 /* MSRootTabBarController.m in Sources */ = {isa = PBXBuildFile; fileRef = 8C7B3BD0163E3F2600B8D7C1 /* MSRootTabBarController.m */; };
		8CA314B81646C54F00539E4B /* MSImageCellBaseCell.m in Sources */ = {isa = PBXBuildFile; fileRef = 8CA314B71646C54F00539E4B /* MSImageCellBaseCell.m */; };
		8CA314CD1647A92300539E4B /* MSImageCache.m in Sources */ = {isa = PBXBuildFile; fileRef = 8CA314CC1647A92200539E4B /* MSImageCache.m */; };
		8CA5657C164640F000F21089 /* MSImageLoader.m in Sources */ = {isa = PBXBuildFile; fileRef = 8CA5657B164640EF00F21089 /* MSImageLoader.m */; };
		8CD1BA56163EEF8C00AFA334 /* star.png in Resources */ = {isa = PBXBuildFile; fileRef = 8CD1BA55163EEF8C00AFA334 /* star.png */; };
		8CECB8D616417CC600BA4BE2 /* Social.framework in Frameworks */ = {isa = PBXBuildFile; fileRef = 8CECB8D516417CC600BA4BE2 /* Social.framework */; };
		8CECB8DD16418A4B00BA4BE2 /* Accounts.framework in Frameworks */ = {isa = PBXBuildFile; fileRef = 8CECB8DC16418A4B00BA4BE2 /* Accounts.framework */; };
		B805248F163E45AB005B74F8 /* MSNetworkConnector.m in Sources */ = {isa = PBXBuildFile; fileRef = B805248E163E45AB005B74F8 /* MSNetworkConnector.m */; };
		B805249B163E4EF0005B74F8 /* MSUIIDController.m in Sources */ = {isa = PBXBuildFile; fileRef = B805249A163E4EF0005B74F8 /* MSUIIDController.m */; };
		B80524B6163EEBBA005B74F8 /* MSCameraViewController.m in Sources */ = {isa = PBXBuildFile; fileRef = B80524A9163EEBBA005B74F8 /* MSCameraViewController.m */; };
		B80524B7163EEBBA005B74F8 /* MSConfigViewController.m in Sources */ = {isa = PBXBuildFile; fileRef = B80524AB163EEBBA005B74F8 /* MSConfigViewController.m */; };
		B80524B9163EEBBA005B74F8 /* MSFoodLineViewController.m in Sources */ = {isa = PBXBuildFile; fileRef = B80524AF163EEBBA005B74F8 /* MSFoodLineViewController.m */; };
		B80524BA163EEBBA005B74F8 /* MSMiniCalenderViewController.m in Sources */ = {isa = PBXBuildFile; fileRef = B80524B1163EEBBA005B74F8 /* MSMiniCalenderViewController.m */; };
		B80524BB163EEBBA005B74F8 /* MSRecommendViewController.m in Sources */ = {isa = PBXBuildFile; fileRef = B80524B3163EEBBA005B74F8 /* MSRecommendViewController.m */; };
		B80524BC163EEBBA005B74F8 /* MSTodayMealViewController.m in Sources */ = {isa = PBXBuildFile; fileRef = B80524B5163EEBBA005B74F8 /* MSTodayMealViewController.m */; };
		B80524C0163EEC7A005B74F8 /* MSFoodLineCell.m in Sources */ = {isa = PBXBuildFile; fileRef = B80524BF163EEC7A005B74F8 /* MSFoodLineCell.m */; };
		B80524E8163F59A6005B74F8 /* AWSiOSSDK.framework in Frameworks */ = {isa = PBXBuildFile; fileRef = B80524E6163F59A6005B74F8 /* AWSiOSSDK.framework */; };
		B80524E9163F59A6005B74F8 /* AWSPersistence.framework in Frameworks */ = {isa = PBXBuildFile; fileRef = B80524E7163F59A6005B74F8 /* AWSPersistence.framework */; };
		B80524FD163F92F8005B74F8 /* MSAWSConnector.m in Sources */ = {isa = PBXBuildFile; fileRef = B80524FC163F92F8005B74F8 /* MSAWSConnector.m */; };
		B8052507163F96C6005B74F8 /* MSUser.m in Sources */ = {isa = PBXBuildFile; fileRef = B8052506163F96C6005B74F8 /* MSUser.m */; };
		B805250A163FA2A8005B74F8 /* MSFoodPicture.m in Sources */ = {isa = PBXBuildFile; fileRef = B8052509163FA2A8005B74F8 /* MSFoodPicture.m */; };
		B805252416406429005B74F8 /* MSFoodPictureImage.m in Sources */ = {isa = PBXBuildFile; fileRef = B805252316406429005B74F8 /* MSFoodPictureImage.m */; };
		B8D0787B163D3D870050FF39 /* UIKit.framework in Frameworks */ = {isa = PBXBuildFile; fileRef = B8D0787A163D3D870050FF39 /* UIKit.framework */; };
		B8D0787D163D3D870050FF39 /* Foundation.framework in Frameworks */ = {isa = PBXBuildFile; fileRef = B8D0787C163D3D870050FF39 /* Foundation.framework */; };
		B8D0787F163D3D870050FF39 /* CoreGraphics.framework in Frameworks */ = {isa = PBXBuildFile; fileRef = B8D0787E163D3D870050FF39 /* CoreGraphics.framework */; };
		B8D07881163D3D870050FF39 /* CoreData.framework in Frameworks */ = {isa = PBXBuildFile; fileRef = B8D07880163D3D870050FF39 /* CoreData.framework */; };
		B8D07887163D3D870050FF39 /* InfoPlist.strings in Resources */ = {isa = PBXBuildFile; fileRef = B8D07885163D3D870050FF39 /* InfoPlist.strings */; };
		B8D07889163D3D870050FF39 /* main.m in Sources */ = {isa = PBXBuildFile; fileRef = B8D07888163D3D870050FF39 /* main.m */; };
		B8D0788D163D3D870050FF39 /* AppDelegate.m in Sources */ = {isa = PBXBuildFile; fileRef = B8D0788C163D3D870050FF39 /* AppDelegate.m */; };
		B8D07893163D3D870050FF39 /* Default-568h@2x.png in Resources */ = {isa = PBXBuildFile; fileRef = B8D07892163D3D870050FF39 /* Default-568h@2x.png */; };
		B8D07896163D3D870050FF39 /* Meshi365.xcdatamodeld in Sources */ = {isa = PBXBuildFile; fileRef = B8D07894163D3D870050FF39 /* Meshi365.xcdatamodeld */; };
		B8D0789E163D3D870050FF39 /* SenTestingKit.framework in Frameworks */ = {isa = PBXBuildFile; fileRef = B8D0789D163D3D870050FF39 /* SenTestingKit.framework */; };
		B8D0789F163D3D870050FF39 /* UIKit.framework in Frameworks */ = {isa = PBXBuildFile; fileRef = B8D0787A163D3D870050FF39 /* UIKit.framework */; };
		B8D078A0163D3D870050FF39 /* Foundation.framework in Frameworks */ = {isa = PBXBuildFile; fileRef = B8D0787C163D3D870050FF39 /* Foundation.framework */; };
		B8D078A1163D3D870050FF39 /* CoreData.framework in Frameworks */ = {isa = PBXBuildFile; fileRef = B8D07880163D3D870050FF39 /* CoreData.framework */; };
		B8D078A9163D3D870050FF39 /* InfoPlist.strings in Resources */ = {isa = PBXBuildFile; fileRef = B8D078A7163D3D870050FF39 /* InfoPlist.strings */; };
		B8D078AC163D3D870050FF39 /* Meshi365Tests.m in Sources */ = {isa = PBXBuildFile; fileRef = B8D078AB163D3D870050FF39 /* Meshi365Tests.m */; };
/* End PBXBuildFile section */

/* Begin PBXContainerItemProxy section */
		B8D078A2163D3D870050FF39 /* PBXContainerItemProxy */ = {
			isa = PBXContainerItemProxy;
			containerPortal = B8D0786D163D3D870050FF39 /* Project object */;
			proxyType = 1;
			remoteGlobalIDString = B8D07875163D3D870050FF39;
			remoteInfo = Meshi365;
		};
/* End PBXContainerItemProxy section */

/* Begin PBXFileReference section */
		270E10151647ABBA00D8896B /* MSFriendSearchViewController.h */ = {isa = PBXFileReference; fileEncoding = 4; lastKnownFileType = sourcecode.c.h; path = MSFriendSearchViewController.h; sourceTree = "<group>"; };
		270E10161647ABBA00D8896B /* MSFriendSearchViewController.m */ = {isa = PBXFileReference; fileEncoding = 4; lastKnownFileType = sourcecode.c.objc; path = MSFriendSearchViewController.m; sourceTree = "<group>"; };
		270E10191647B4F700D8896B /* MSAccountNavigationController.h */ = {isa = PBXFileReference; fileEncoding = 4; lastKnownFileType = sourcecode.c.h; path = MSAccountNavigationController.h; sourceTree = "<group>"; };
		270E101A1647B4F800D8896B /* MSAccountNavigationController.m */ = {isa = PBXFileReference; fileEncoding = 4; lastKnownFileType = sourcecode.c.objc; path = MSAccountNavigationController.m; sourceTree = "<group>"; };
		27272A711648478200FC3434 /* breakfastNoImage.png */ = {isa = PBXFileReference; lastKnownFileType = image.png; path = breakfastNoImage.png; sourceTree = "<group>"; };
		27272A721648478200FC3434 /* breakfastNoImage@2x.png */ = {isa = PBXFileReference; lastKnownFileType = image.png; path = "breakfastNoImage@2x.png"; sourceTree = "<group>"; };
		27272A731648478300FC3434 /* breakfastNowLoading.png */ = {isa = PBXFileReference; lastKnownFileType = image.png; path = breakfastNowLoading.png; sourceTree = "<group>"; };
		27272A741648478300FC3434 /* breakfastNowLoading@2x.png */ = {isa = PBXFileReference; lastKnownFileType = image.png; path = "breakfastNowLoading@2x.png"; sourceTree = "<group>"; };
		27272A751648478400FC3434 /* lunchNoImage.png */ = {isa = PBXFileReference; lastKnownFileType = image.png; path = lunchNoImage.png; sourceTree = "<group>"; };
		27272A761648478500FC3434 /* lunchNoImage@2x.png */ = {isa = PBXFileReference; lastKnownFileType = image.png; path = "lunchNoImage@2x.png"; sourceTree = "<group>"; };
		27272A771648478500FC3434 /* lunchNowLoading.png */ = {isa = PBXFileReference; lastKnownFileType = image.png; path = lunchNowLoading.png; sourceTree = "<group>"; };
		27272A781648478700FC3434 /* lunchNowLoading@2x.png */ = {isa = PBXFileReference; lastKnownFileType = image.png; path = "lunchNowLoading@2x.png"; sourceTree = "<group>"; };
		27272A791648478700FC3434 /* supperNoImage.png */ = {isa = PBXFileReference; lastKnownFileType = image.png; path = supperNoImage.png; sourceTree = "<group>"; };
		27272A7A1648478800FC3434 /* supperNoImage@2x.png */ = {isa = PBXFileReference; lastKnownFileType = image.png; path = "supperNoImage@2x.png"; sourceTree = "<group>"; };
		27272A7B1648478800FC3434 /* supperNowLoading.png */ = {isa = PBXFileReference; lastKnownFileType = image.png; path = supperNowLoading.png; sourceTree = "<group>"; };
		27272A7C1648478900FC3434 /* supperNowLoading@2x.png */ = {isa = PBXFileReference; lastKnownFileType = image.png; path = "supperNowLoading@2x.png"; sourceTree = "<group>"; };
		27272A8916484FC600FC3434 /* otherMealFrame.png */ = {isa = PBXFileReference; lastKnownFileType = image.png; path = otherMealFrame.png; sourceTree = "<group>"; };
		27272A8A16484FC700FC3434 /* otherMealFrame@2x.png */ = {isa = PBXFileReference; lastKnownFileType = image.png; path = "otherMealFrame@2x.png"; sourceTree = "<group>"; };
		27272A8B16484FC800FC3434 /* otherNoImage.png */ = {isa = PBXFileReference; lastKnownFileType = image.png; path = otherNoImage.png; sourceTree = "<group>"; };
		27272A8C16484FC900FC3434 /* otherNoImage@2x.png */ = {isa = PBXFileReference; lastKnownFileType = image.png; path = "otherNoImage@2x.png"; sourceTree = "<group>"; };
		27272A8D16484FCA00FC3434 /* otherNowLoading.png */ = {isa = PBXFileReference; lastKnownFileType = image.png; path = otherNowLoading.png; sourceTree = "<group>"; };
		27272A8E16484FCB00FC3434 /* otherNowLoading@2x.png */ = {isa = PBXFileReference; lastKnownFileType = image.png; path = "otherNowLoading@2x.png"; sourceTree = "<group>"; };
		27272A951648786E00FC3434 /* BigNoImage.png */ = {isa = PBXFileReference; lastKnownFileType = image.png; path = BigNoImage.png; sourceTree = "<group>"; };
		27272A961648786F00FC3434 /* BigNoImage@2x.png */ = {isa = PBXFileReference; lastKnownFileType = image.png; path = "BigNoImage@2x.png"; sourceTree = "<group>"; };
		27272A971648787100FC3434 /* BigNowLoading.png */ = {isa = PBXFileReference; lastKnownFileType = image.png; path = BigNowLoading.png; sourceTree = "<group>"; };
		27272A981648787300FC3434 /* BigNowLoading@2x.png */ = {isa = PBXFileReference; lastKnownFileType = image.png; path = "BigNowLoading@2x.png"; sourceTree = "<group>"; };
		27272A991648787400FC3434 /* NoImage.png */ = {isa = PBXFileReference; lastKnownFileType = image.png; path = NoImage.png; sourceTree = "<group>"; };
		27272A9A1648787600FC3434 /* NoImage@2x.png */ = {isa = PBXFileReference; lastKnownFileType = image.png; path = "NoImage@2x.png"; sourceTree = "<group>"; };
		27272AA116488BE500FC3434 /* othersLogo.png */ = {isa = PBXFileReference; lastKnownFileType = image.png; path = othersLogo.png; sourceTree = "<group>"; };
		2732C97E164200BF000B3AB0 /* Icon_Twitter.png */ = {isa = PBXFileReference; lastKnownFileType = image.png; path = Icon_Twitter.png; sourceTree = "<group>"; };
		274AA48F1648F86B00B5E1E9 /* icon.png */ = {isa = PBXFileReference; lastKnownFileType = image.png; path = icon.png; sourceTree = "<group>"; };
		274AA4901648F86B00B5E1E9 /* icon@2x.png */ = {isa = PBXFileReference; lastKnownFileType = image.png; path = "icon@2x.png"; sourceTree = "<group>"; };
		274AA4911648F86B00B5E1E9 /* launch.png */ = {isa = PBXFileReference; lastKnownFileType = image.png; path = launch.png; sourceTree = "<group>"; };
		274AA4921648F86B00B5E1E9 /* launch@2x.png */ = {isa = PBXFileReference; lastKnownFileType = image.png; path = "launch@2x.png"; sourceTree = "<group>"; };
		274AA4981648F88200B5E1E9 /* icon.png */ = {isa = PBXFileReference; lastKnownFileType = image.png; path = icon.png; sourceTree = "<group>"; };
		274AA49A1648F88A00B5E1E9 /* icon@2x.png */ = {isa = PBXFileReference; lastKnownFileType = image.png; path = "icon@2x.png"; sourceTree = "<group>"; };
		274AA49C1648F89100B5E1E9 /* Default.png */ = {isa = PBXFileReference; lastKnownFileType = image.png; path = Default.png; sourceTree = "<group>"; };
		274AA49E1648F89600B5E1E9 /* Default@2x.png */ = {isa = PBXFileReference; lastKnownFileType = image.png; path = "Default@2x.png"; sourceTree = "<group>"; };
		2757A2AE16416E1800975AC8 /* CoreLocation.framework */ = {isa = PBXFileReference; lastKnownFileType = wrapper.framework; name = CoreLocation.framework; path = System/Library/Frameworks/CoreLocation.framework; sourceTree = SDKROOT; };
		2757A2B11641765F00975AC8 /* MSFoodLineNavigationViewController.h */ = {isa = PBXFileReference; fileEncoding = 4; lastKnownFileType = sourcecode.c.h; path = MSFoodLineNavigationViewController.h; sourceTree = "<group>"; };
		2757A2B21641765F00975AC8 /* MSFoodLineNavigationViewController.m */ = {isa = PBXFileReference; fileEncoding = 4; lastKnownFileType = sourcecode.c.objc; path = MSFoodLineNavigationViewController.m; sourceTree = "<group>"; };
		2757A2B41641796600975AC8 /* MSFriendListViewController.h */ = {isa = PBXFileReference; fileEncoding = 4; lastKnownFileType = sourcecode.c.h; path = MSFriendListViewController.h; sourceTree = "<group>"; };
		2757A2B51641796600975AC8 /* MSFriendListViewController.m */ = {isa = PBXFileReference; fileEncoding = 4; lastKnownFileType = sourcecode.c.objc; path = MSFriendListViewController.m; sourceTree = "<group>"; };
		2757A2C21641963900975AC8 /* MSSignUpViewController.h */ = {isa = PBXFileReference; fileEncoding = 4; lastKnownFileType = sourcecode.c.h; path = MSSignUpViewController.h; sourceTree = "<group>"; };
		2757A2C31641963900975AC8 /* MSSignUpViewController.m */ = {isa = PBXFileReference; fileEncoding = 4; lastKnownFileType = sourcecode.c.objc; path = MSSignUpViewController.m; sourceTree = "<group>"; };
		27684C401643880D0006540B /* tabicon_today.png */ = {isa = PBXFileReference; lastKnownFileType = image.png; path = tabicon_today.png; sourceTree = "<group>"; };
		27684C4316438A0A0006540B /* tabicon_account.png */ = {isa = PBXFileReference; lastKnownFileType = image.png; path = tabicon_account.png; sourceTree = "<group>"; };
		27684C4416438A0A0006540B /* tabicon_foodline.png */ = {isa = PBXFileReference; lastKnownFileType = image.png; path = tabicon_foodline.png; sourceTree = "<group>"; };
		27684C4516438A0A0006540B /* tabicon_minical.png */ = {isa = PBXFileReference; lastKnownFileType = image.png; path = tabicon_minical.png; sourceTree = "<group>"; };
		27684C4616438A0A0006540B /* tabicon_recommend.png */ = {isa = PBXFileReference; lastKnownFileType = image.png; path = tabicon_recommend.png; sourceTree = "<group>"; };
		279DA49C163F689D00AF6E26 /* MSValueImageView.h */ = {isa = PBXFileReference; fileEncoding = 4; lastKnownFileType = sourcecode.c.h; path = MSValueImageView.h; sourceTree = "<group>"; };
		279DA49D163F689D00AF6E26 /* MSValueImageView.m */ = {isa = PBXFileReference; fileEncoding = 4; lastKnownFileType = sourcecode.c.objc; path = MSValueImageView.m; sourceTree = "<group>"; };
		27EA729816431ED2007CD1AC /* Icon_Facebook_dark.png */ = {isa = PBXFileReference; lastKnownFileType = image.png; path = Icon_Facebook_dark.png; sourceTree = "<group>"; };
		27EA729916431ED2007CD1AC /* Icon_Facebook.png */ = {isa = PBXFileReference; lastKnownFileType = image.png; path = Icon_Facebook.png; sourceTree = "<group>"; };
		27EA729A16431ED2007CD1AC /* Icon_Twitter_dark.png */ = {isa = PBXFileReference; lastKnownFileType = image.png; path = Icon_Twitter_dark.png; sourceTree = "<group>"; };
		27EA72AF16434DAE007CD1AC /* breakfastMealFrame.png */ = {isa = PBXFileReference; lastKnownFileType = image.png; path = breakfastMealFrame.png; sourceTree = "<group>"; };
		27EA72B116434DAE007CD1AC /* lunchMealFrame.png */ = {isa = PBXFileReference; lastKnownFileType = image.png; path = lunchMealFrame.png; sourceTree = "<group>"; };
		27EA72B316434DAE007CD1AC /* supperMealFrame.png */ = {isa = PBXFileReference; lastKnownFileType = image.png; path = supperMealFrame.png; sourceTree = "<group>"; };
		27EDF4091647C32C0093C140 /* MSFriendRequestViewController.h */ = {isa = PBXFileReference; fileEncoding = 4; lastKnownFileType = sourcecode.c.h; path = MSFriendRequestViewController.h; sourceTree = "<group>"; };
		27EDF40A1647C32C0093C140 /* MSFriendRequestViewController.m */ = {isa = PBXFileReference; fileEncoding = 4; lastKnownFileType = sourcecode.c.objc; path = MSFriendRequestViewController.m; sourceTree = "<group>"; };
		8C0CC86316408F6B008B830B /* MSRecommendCell.h */ = {isa = PBXFileReference; fileEncoding = 4; lastKnownFileType = sourcecode.c.h; path = MSRecommendCell.h; sourceTree = "<group>"; };
		8C0CC86416408F6B008B830B /* MSRecommendCell.m */ = {isa = PBXFileReference; fileEncoding = 4; lastKnownFileType = sourcecode.c.objc; path = MSRecommendCell.m; sourceTree = "<group>"; };
		8C1699EE163F937100194888 /* MSMiniCalenderScrollView.h */ = {isa = PBXFileReference; fileEncoding = 4; lastKnownFileType = sourcecode.c.h; path = MSMiniCalenderScrollView.h; sourceTree = "<group>"; };
		8C1699EF163F937100194888 /* MSMiniCalenderScrollView.m */ = {isa = PBXFileReference; fileEncoding = 4; lastKnownFileType = sourcecode.c.objc; path = MSMiniCalenderScrollView.m; sourceTree = "<group>"; };
		8C180946163F29C9003400EB /* starNonSelect.png */ = {isa = PBXFileReference; lastKnownFileType = image.png; path = starNonSelect.png; sourceTree = "<group>"; };
		8C18094E163F355B003400EB /* MSMiniCalenderTableView.h */ = {isa = PBXFileReference; fileEncoding = 4; lastKnownFileType = sourcecode.c.h; path = MSMiniCalenderTableView.h; sourceTree = "<group>"; };
		8C18094F163F355B003400EB /* MSMiniCalenderTableView.m */ = {isa = PBXFileReference; fileEncoding = 4; lastKnownFileType = sourcecode.c.objc; path = MSMiniCalenderTableView.m; sourceTree = "<group>"; };
		8C40728916490E4D00990A74 /* MSMiniCalenderCell.h */ = {isa = PBXFileReference; fileEncoding = 4; lastKnownFileType = sourcecode.c.h; path = MSMiniCalenderCell.h; sourceTree = "<group>"; };
		8C40728A16490E4E00990A74 /* MSMiniCalenderCell.m */ = {isa = PBXFileReference; fileEncoding = 4; lastKnownFileType = sourcecode.c.objc; path = MSMiniCalenderCell.m; sourceTree = "<group>"; };
		8C66D31616408A9B0010777F /* MSRecommendTableView.h */ = {isa = PBXFileReference; fileEncoding = 4; lastKnownFileType = sourcecode.c.h; path = MSRecommendTableView.h; sourceTree = "<group>"; };
		8C66D31716408A9B0010777F /* MSRecommendTableView.m */ = {isa = PBXFileReference; fileEncoding = 4; lastKnownFileType = sourcecode.c.objc; path = MSRecommendTableView.m; sourceTree = "<group>"; };
		8C7B3BCF163E3F2600B8D7C1 /* MSRootTabBarController.h */ = {isa = PBXFileReference; fileEncoding = 4; lastKnownFileType = sourcecode.c.h; path = MSRootTabBarController.h; sourceTree = "<group>"; };
		8C7B3BD0163E3F2600B8D7C1 /* MSRootTabBarController.m */ = {isa = PBXFileReference; fileEncoding = 4; lastKnownFileType = sourcecode.c.objc; path = MSRootTabBarController.m; sourceTree = "<group>"; };
		8CA314B61646C54F00539E4B /* MSImageCellBaseCell.h */ = {isa = PBXFileReference; fileEncoding = 4; lastKnownFileType = sourcecode.c.h; path = MSImageCellBaseCell.h; sourceTree = "<group>"; };
		8CA314B71646C54F00539E4B /* MSImageCellBaseCell.m */ = {isa = PBXFileReference; fileEncoding = 4; lastKnownFileType = sourcecode.c.objc; path = MSImageCellBaseCell.m; sourceTree = "<group>"; };
		8CA314CB1647A92200539E4B /* MSImageCache.h */ = {isa = PBXFileReference; fileEncoding = 4; lastKnownFileType = sourcecode.c.h; path = MSImageCache.h; sourceTree = "<group>"; };
		8CA314CC1647A92200539E4B /* MSImageCache.m */ = {isa = PBXFileReference; fileEncoding = 4; lastKnownFileType = sourcecode.c.objc; path = MSImageCache.m; sourceTree = "<group>"; };
		8CA5657A164640EF00F21089 /* MSImageLoader.h */ = {isa = PBXFileReference; fileEncoding = 4; lastKnownFileType = sourcecode.c.h; path = MSImageLoader.h; sourceTree = "<group>"; };
		8CA5657B164640EF00F21089 /* MSImageLoader.m */ = {isa = PBXFileReference; fileEncoding = 4; lastKnownFileType = sourcecode.c.objc; path = MSImageLoader.m; sourceTree = "<group>"; };
		8CD1BA55163EEF8C00AFA334 /* star.png */ = {isa = PBXFileReference; lastKnownFileType = image.png; path = star.png; sourceTree = "<group>"; };
		8CECB8D516417CC600BA4BE2 /* Social.framework */ = {isa = PBXFileReference; lastKnownFileType = wrapper.framework; name = Social.framework; path = System/Library/Frameworks/Social.framework; sourceTree = SDKROOT; };
		8CECB8DC16418A4B00BA4BE2 /* Accounts.framework */ = {isa = PBXFileReference; lastKnownFileType = wrapper.framework; name = Accounts.framework; path = System/Library/Frameworks/Accounts.framework; sourceTree = SDKROOT; };
		B805248D163E45AB005B74F8 /* MSNetworkConnector.h */ = {isa = PBXFileReference; fileEncoding = 4; lastKnownFileType = sourcecode.c.h; path = MSNetworkConnector.h; sourceTree = "<group>"; };
		B805248E163E45AB005B74F8 /* MSNetworkConnector.m */ = {isa = PBXFileReference; fileEncoding = 4; lastKnownFileType = sourcecode.c.objc; path = MSNetworkConnector.m; sourceTree = "<group>"; };
		B8052499163E4EF0005B74F8 /* MSUIIDController.h */ = {isa = PBXFileReference; fileEncoding = 4; lastKnownFileType = sourcecode.c.h; path = MSUIIDController.h; sourceTree = "<group>"; };
		B805249A163E4EF0005B74F8 /* MSUIIDController.m */ = {isa = PBXFileReference; fileEncoding = 4; lastKnownFileType = sourcecode.c.objc; path = MSUIIDController.m; sourceTree = "<group>"; };
		B80524A8163EEBBA005B74F8 /* MSCameraViewController.h */ = {isa = PBXFileReference; fileEncoding = 4; lastKnownFileType = sourcecode.c.h; path = MSCameraViewController.h; sourceTree = "<group>"; };
		B80524A9163EEBBA005B74F8 /* MSCameraViewController.m */ = {isa = PBXFileReference; fileEncoding = 4; lastKnownFileType = sourcecode.c.objc; path = MSCameraViewController.m; sourceTree = "<group>"; };
		B80524AA163EEBBA005B74F8 /* MSConfigViewController.h */ = {isa = PBXFileReference; fileEncoding = 4; lastKnownFileType = sourcecode.c.h; path = MSConfigViewController.h; sourceTree = "<group>"; };
		B80524AB163EEBBA005B74F8 /* MSConfigViewController.m */ = {isa = PBXFileReference; fileEncoding = 4; lastKnownFileType = sourcecode.c.objc; path = MSConfigViewController.m; sourceTree = "<group>"; };
		B80524AE163EEBBA005B74F8 /* MSFoodLineViewController.h */ = {isa = PBXFileReference; fileEncoding = 4; lastKnownFileType = sourcecode.c.h; path = MSFoodLineViewController.h; sourceTree = "<group>"; };
		B80524AF163EEBBA005B74F8 /* MSFoodLineViewController.m */ = {isa = PBXFileReference; fileEncoding = 4; lastKnownFileType = sourcecode.c.objc; path = MSFoodLineViewController.m; sourceTree = "<group>"; };
		B80524B0163EEBBA005B74F8 /* MSMiniCalenderViewController.h */ = {isa = PBXFileReference; fileEncoding = 4; lastKnownFileType = sourcecode.c.h; path = MSMiniCalenderViewController.h; sourceTree = "<group>"; };
		B80524B1163EEBBA005B74F8 /* MSMiniCalenderViewController.m */ = {isa = PBXFileReference; fileEncoding = 4; lastKnownFileType = sourcecode.c.objc; path = MSMiniCalenderViewController.m; sourceTree = "<group>"; };
		B80524B2163EEBBA005B74F8 /* MSRecommendViewController.h */ = {isa = PBXFileReference; fileEncoding = 4; lastKnownFileType = sourcecode.c.h; path = MSRecommendViewController.h; sourceTree = "<group>"; };
		B80524B3163EEBBA005B74F8 /* MSRecommendViewController.m */ = {isa = PBXFileReference; fileEncoding = 4; lastKnownFileType = sourcecode.c.objc; path = MSRecommendViewController.m; sourceTree = "<group>"; };
		B80524B4163EEBBA005B74F8 /* MSTodayMealViewController.h */ = {isa = PBXFileReference; fileEncoding = 4; lastKnownFileType = sourcecode.c.h; path = MSTodayMealViewController.h; sourceTree = "<group>"; };
		B80524B5163EEBBA005B74F8 /* MSTodayMealViewController.m */ = {isa = PBXFileReference; fileEncoding = 4; lastKnownFileType = sourcecode.c.objc; path = MSTodayMealViewController.m; sourceTree = "<group>"; };
		B80524BE163EEC7A005B74F8 /* MSFoodLineCell.h */ = {isa = PBXFileReference; fileEncoding = 4; lastKnownFileType = sourcecode.c.h; path = MSFoodLineCell.h; sourceTree = "<group>"; };
		B80524BF163EEC7A005B74F8 /* MSFoodLineCell.m */ = {isa = PBXFileReference; fileEncoding = 4; lastKnownFileType = sourcecode.c.objc; path = MSFoodLineCell.m; sourceTree = "<group>"; };
		B80524E6163F59A6005B74F8 /* AWSiOSSDK.framework */ = {isa = PBXFileReference; lastKnownFileType = wrapper.framework; path = AWSiOSSDK.framework; sourceTree = "<group>"; };
		B80524E7163F59A6005B74F8 /* AWSPersistence.framework */ = {isa = PBXFileReference; lastKnownFileType = wrapper.framework; path = AWSPersistence.framework; sourceTree = "<group>"; };
		B80524FB163F92F8005B74F8 /* MSAWSConnector.h */ = {isa = PBXFileReference; fileEncoding = 4; lastKnownFileType = sourcecode.c.h; path = MSAWSConnector.h; sourceTree = "<group>"; };
		B80524FC163F92F8005B74F8 /* MSAWSConnector.m */ = {isa = PBXFileReference; fileEncoding = 4; lastKnownFileType = sourcecode.c.objc; path = MSAWSConnector.m; sourceTree = "<group>"; };
		B8052505163F96C6005B74F8 /* MSUser.h */ = {isa = PBXFileReference; fileEncoding = 4; lastKnownFileType = sourcecode.c.h; path = MSUser.h; sourceTree = "<group>"; };
		B8052506163F96C6005B74F8 /* MSUser.m */ = {isa = PBXFileReference; fileEncoding = 4; lastKnownFileType = sourcecode.c.objc; path = MSUser.m; sourceTree = "<group>"; };
		B8052508163FA2A8005B74F8 /* MSFoodPicture.h */ = {isa = PBXFileReference; fileEncoding = 4; lastKnownFileType = sourcecode.c.h; path = MSFoodPicture.h; sourceTree = "<group>"; };
		B8052509163FA2A8005B74F8 /* MSFoodPicture.m */ = {isa = PBXFileReference; fileEncoding = 4; lastKnownFileType = sourcecode.c.objc; path = MSFoodPicture.m; sourceTree = "<group>"; };
		B805252016403E94005B74F8 /* MSGlobal.h */ = {isa = PBXFileReference; lastKnownFileType = sourcecode.c.h; path = MSGlobal.h; sourceTree = "<group>"; };
		B805252216406429005B74F8 /* MSFoodPictureImage.h */ = {isa = PBXFileReference; fileEncoding = 4; lastKnownFileType = sourcecode.c.h; path = MSFoodPictureImage.h; sourceTree = "<group>"; };
		B805252316406429005B74F8 /* MSFoodPictureImage.m */ = {isa = PBXFileReference; fileEncoding = 4; lastKnownFileType = sourcecode.c.objc; path = MSFoodPictureImage.m; sourceTree = "<group>"; };
		B89C329E1647A291003452D1 /* MSAWSSettings.h */ = {isa = PBXFileReference; lastKnownFileType = sourcecode.c.h; path = MSAWSSettings.h; sourceTree = "<group>"; };
		B8D07876163D3D870050FF39 /* Meshi365.app */ = {isa = PBXFileReference; explicitFileType = wrapper.application; includeInIndex = 0; path = Meshi365.app; sourceTree = BUILT_PRODUCTS_DIR; };
		B8D0787A163D3D870050FF39 /* UIKit.framework */ = {isa = PBXFileReference; lastKnownFileType = wrapper.framework; name = UIKit.framework; path = System/Library/Frameworks/UIKit.framework; sourceTree = SDKROOT; };
		B8D0787C163D3D870050FF39 /* Foundation.framework */ = {isa = PBXFileReference; lastKnownFileType = wrapper.framework; name = Foundation.framework; path = System/Library/Frameworks/Foundation.framework; sourceTree = SDKROOT; };
		B8D0787E163D3D870050FF39 /* CoreGraphics.framework */ = {isa = PBXFileReference; lastKnownFileType = wrapper.framework; name = CoreGraphics.framework; path = System/Library/Frameworks/CoreGraphics.framework; sourceTree = SDKROOT; };
		B8D07880163D3D870050FF39 /* CoreData.framework */ = {isa = PBXFileReference; lastKnownFileType = wrapper.framework; name = CoreData.framework; path = System/Library/Frameworks/CoreData.framework; sourceTree = SDKROOT; };
		B8D07884163D3D870050FF39 /* Meshi365-Info.plist */ = {isa = PBXFileReference; lastKnownFileType = text.plist.xml; path = "Meshi365-Info.plist"; sourceTree = "<group>"; };
		B8D07886163D3D870050FF39 /* en */ = {isa = PBXFileReference; lastKnownFileType = text.plist.strings; name = en; path = en.lproj/InfoPlist.strings; sourceTree = "<group>"; };
		B8D07888163D3D870050FF39 /* main.m */ = {isa = PBXFileReference; lastKnownFileType = sourcecode.c.objc; path = main.m; sourceTree = "<group>"; };
		B8D0788A163D3D870050FF39 /* Meshi365-Prefix.pch */ = {isa = PBXFileReference; lastKnownFileType = sourcecode.c.h; path = "Meshi365-Prefix.pch"; sourceTree = "<group>"; };
		B8D0788B163D3D870050FF39 /* AppDelegate.h */ = {isa = PBXFileReference; lastKnownFileType = sourcecode.c.h; path = AppDelegate.h; sourceTree = "<group>"; };
		B8D0788C163D3D870050FF39 /* AppDelegate.m */ = {isa = PBXFileReference; lastKnownFileType = sourcecode.c.objc; path = AppDelegate.m; sourceTree = "<group>"; };
		B8D07892163D3D870050FF39 /* Default-568h@2x.png */ = {isa = PBXFileReference; lastKnownFileType = image.png; path = "Default-568h@2x.png"; sourceTree = "<group>"; };
		B8D07895163D3D870050FF39 /* Meshi365.xcdatamodel */ = {isa = PBXFileReference; lastKnownFileType = wrapper.xcdatamodel; path = Meshi365.xcdatamodel; sourceTree = "<group>"; };
		B8D0789C163D3D870050FF39 /* Meshi365Tests.octest */ = {isa = PBXFileReference; explicitFileType = wrapper.cfbundle; includeInIndex = 0; path = Meshi365Tests.octest; sourceTree = BUILT_PRODUCTS_DIR; };
		B8D0789D163D3D870050FF39 /* SenTestingKit.framework */ = {isa = PBXFileReference; lastKnownFileType = wrapper.framework; name = SenTestingKit.framework; path = Library/Frameworks/SenTestingKit.framework; sourceTree = DEVELOPER_DIR; };
		B8D078A6163D3D870050FF39 /* Meshi365Tests-Info.plist */ = {isa = PBXFileReference; lastKnownFileType = text.plist.xml; path = "Meshi365Tests-Info.plist"; sourceTree = "<group>"; };
		B8D078A8163D3D870050FF39 /* en */ = {isa = PBXFileReference; lastKnownFileType = text.plist.strings; name = en; path = en.lproj/InfoPlist.strings; sourceTree = "<group>"; };
		B8D078AA163D3D870050FF39 /* Meshi365Tests.h */ = {isa = PBXFileReference; lastKnownFileType = sourcecode.c.h; path = Meshi365Tests.h; sourceTree = "<group>"; };
		B8D078AB163D3D870050FF39 /* Meshi365Tests.m */ = {isa = PBXFileReference; lastKnownFileType = sourcecode.c.objc; path = Meshi365Tests.m; sourceTree = "<group>"; };
/* End PBXFileReference section */

/* Begin PBXFrameworksBuildPhase section */
		B8D07873163D3D870050FF39 /* Frameworks */ = {
			isa = PBXFrameworksBuildPhase;
			buildActionMask = 2147483647;
			files = (
				8CECB8DD16418A4B00BA4BE2 /* Accounts.framework in Frameworks */,
				8CECB8D616417CC600BA4BE2 /* Social.framework in Frameworks */,
				2757A2AF16416E1800975AC8 /* CoreLocation.framework in Frameworks */,
				B8D0787B163D3D870050FF39 /* UIKit.framework in Frameworks */,
				B8D0787D163D3D870050FF39 /* Foundation.framework in Frameworks */,
				B8D0787F163D3D870050FF39 /* CoreGraphics.framework in Frameworks */,
				B8D07881163D3D870050FF39 /* CoreData.framework in Frameworks */,
				B80524E8163F59A6005B74F8 /* AWSiOSSDK.framework in Frameworks */,
				B80524E9163F59A6005B74F8 /* AWSPersistence.framework in Frameworks */,
			);
			runOnlyForDeploymentPostprocessing = 0;
		};
		B8D07898163D3D870050FF39 /* Frameworks */ = {
			isa = PBXFrameworksBuildPhase;
			buildActionMask = 2147483647;
			files = (
				B8D0789E163D3D870050FF39 /* SenTestingKit.framework in Frameworks */,
				B8D0789F163D3D870050FF39 /* UIKit.framework in Frameworks */,
				B8D078A0163D3D870050FF39 /* Foundation.framework in Frameworks */,
				B8D078A1163D3D870050FF39 /* CoreData.framework in Frameworks */,
			);
			runOnlyForDeploymentPostprocessing = 0;
		};
/* End PBXFrameworksBuildPhase section */

/* Begin PBXGroup section */
		B80524A2163EEB59005B74F8 /* Resources */ = {
			isa = PBXGroup;
			children = (
				274AA48F1648F86B00B5E1E9 /* icon.png */,
				274AA4901648F86B00B5E1E9 /* icon@2x.png */,
				274AA4911648F86B00B5E1E9 /* launch.png */,
				274AA4921648F86B00B5E1E9 /* launch@2x.png */,
				27272AA116488BE500FC3434 /* othersLogo.png */,
				27272A951648786E00FC3434 /* BigNoImage.png */,
				27272A961648786F00FC3434 /* BigNoImage@2x.png */,
				27272A971648787100FC3434 /* BigNowLoading.png */,
				27272A981648787300FC3434 /* BigNowLoading@2x.png */,
				27272A991648787400FC3434 /* NoImage.png */,
				27272A9A1648787600FC3434 /* NoImage@2x.png */,
				27272A8916484FC600FC3434 /* otherMealFrame.png */,
				27272A8A16484FC700FC3434 /* otherMealFrame@2x.png */,
				27272A8B16484FC800FC3434 /* otherNoImage.png */,
				27272A8C16484FC900FC3434 /* otherNoImage@2x.png */,
				27272A8D16484FCA00FC3434 /* otherNowLoading.png */,
				27272A8E16484FCB00FC3434 /* otherNowLoading@2x.png */,
				27272A711648478200FC3434 /* breakfastNoImage.png */,
				27272A721648478200FC3434 /* breakfastNoImage@2x.png */,
				27272A731648478300FC3434 /* breakfastNowLoading.png */,
				27272A741648478300FC3434 /* breakfastNowLoading@2x.png */,
				27272A751648478400FC3434 /* lunchNoImage.png */,
				27272A761648478500FC3434 /* lunchNoImage@2x.png */,
				27272A771648478500FC3434 /* lunchNowLoading.png */,
				27272A781648478700FC3434 /* lunchNowLoading@2x.png */,
				27272A791648478700FC3434 /* supperNoImage.png */,
				27272A7A1648478800FC3434 /* supperNoImage@2x.png */,
				27272A7B1648478800FC3434 /* supperNowLoading.png */,
				27272A7C1648478900FC3434 /* supperNowLoading@2x.png */,
				27684C4316438A0A0006540B /* tabicon_account.png */,
				27684C4416438A0A0006540B /* tabicon_foodline.png */,
				27684C4516438A0A0006540B /* tabicon_minical.png */,
				27684C4616438A0A0006540B /* tabicon_recommend.png */,
				27684C401643880D0006540B /* tabicon_today.png */,
				27EA72AF16434DAE007CD1AC /* breakfastMealFrame.png */,
				27EA72B116434DAE007CD1AC /* lunchMealFrame.png */,
				27EA72B316434DAE007CD1AC /* supperMealFrame.png */,
				27EA729816431ED2007CD1AC /* Icon_Facebook_dark.png */,
				27EA729916431ED2007CD1AC /* Icon_Facebook.png */,
				27EA729A16431ED2007CD1AC /* Icon_Twitter_dark.png */,
				2732C97E164200BF000B3AB0 /* Icon_Twitter.png */,
				8C180946163F29C9003400EB /* starNonSelect.png */,
				8CD1BA55163EEF8C00AFA334 /* star.png */,
			);
			path = Resources;
			sourceTree = "<group>";
		};
		B80524A7163EEBBA005B74F8 /* ViewControllers */ = {
			isa = PBXGroup;
			children = (
				B80524BD163EEC79005B74F8 /* VIews */,
				B80524A8163EEBBA005B74F8 /* MSCameraViewController.h */,
				B80524A9163EEBBA005B74F8 /* MSCameraViewController.m */,
				B80524AA163EEBBA005B74F8 /* MSConfigViewController.h */,
				B80524AB163EEBBA005B74F8 /* MSConfigViewController.m */,
				B80524AE163EEBBA005B74F8 /* MSFoodLineViewController.h */,
				B80524AF163EEBBA005B74F8 /* MSFoodLineViewController.m */,
				B80524B0163EEBBA005B74F8 /* MSMiniCalenderViewController.h */,
				B80524B1163EEBBA005B74F8 /* MSMiniCalenderViewController.m */,
				B80524B2163EEBBA005B74F8 /* MSRecommendViewController.h */,
				B80524B3163EEBBA005B74F8 /* MSRecommendViewController.m */,
				B80524B4163EEBBA005B74F8 /* MSTodayMealViewController.h */,
				B80524B5163EEBBA005B74F8 /* MSTodayMealViewController.m */,
				279DA49C163F689D00AF6E26 /* MSValueImageView.h */,
				279DA49D163F689D00AF6E26 /* MSValueImageView.m */,
				2757A2B11641765F00975AC8 /* MSFoodLineNavigationViewController.h */,
				2757A2B21641765F00975AC8 /* MSFoodLineNavigationViewController.m */,
				2757A2B41641796600975AC8 /* MSFriendListViewController.h */,
				2757A2B51641796600975AC8 /* MSFriendListViewController.m */,
				2757A2C21641963900975AC8 /* MSSignUpViewController.h */,
				2757A2C31641963900975AC8 /* MSSignUpViewController.m */,
				270E10151647ABBA00D8896B /* MSFriendSearchViewController.h */,
				270E10161647ABBA00D8896B /* MSFriendSearchViewController.m */,
				270E10191647B4F700D8896B /* MSAccountNavigationController.h */,
				270E101A1647B4F800D8896B /* MSAccountNavigationController.m */,
				27EDF4091647C32C0093C140 /* MSFriendRequestViewController.h */,
				27EDF40A1647C32C0093C140 /* MSFriendRequestViewController.m */,
			);
			path = ViewControllers;
			sourceTree = "<group>";
		};
		B80524BD163EEC79005B74F8 /* VIews */ = {
			isa = PBXGroup;
			children = (
				B80524BE163EEC7A005B74F8 /* MSFoodLineCell.h */,
				B80524BF163EEC7A005B74F8 /* MSFoodLineCell.m */,
				8C18094E163F355B003400EB /* MSMiniCalenderTableView.h */,
				8C18094F163F355B003400EB /* MSMiniCalenderTableView.m */,
				8C1699EE163F937100194888 /* MSMiniCalenderScrollView.h */,
				8C1699EF163F937100194888 /* MSMiniCalenderScrollView.m */,
				B805252216406429005B74F8 /* MSFoodPictureImage.h */,
				B805252316406429005B74F8 /* MSFoodPictureImage.m */,
				8C66D31616408A9B0010777F /* MSRecommendTableView.h */,
				8C66D31716408A9B0010777F /* MSRecommendTableView.m */,
				8C0CC86316408F6B008B830B /* MSRecommendCell.h */,
				8C0CC86416408F6B008B830B /* MSRecommendCell.m */,
				8CA314B61646C54F00539E4B /* MSImageCellBaseCell.h */,
				8CA314B71646C54F00539E4B /* MSImageCellBaseCell.m */,
				8C40728916490E4D00990A74 /* MSMiniCalenderCell.h */,
				8C40728A16490E4E00990A74 /* MSMiniCalenderCell.m */,
			);
			path = VIews;
			sourceTree = "<group>";
		};
		B8052503163F96B7005B74F8 /* Models */ = {
			isa = PBXGroup;
			children = (
				B8052505163F96C6005B74F8 /* MSUser.h */,
				B8052506163F96C6005B74F8 /* MSUser.m */,
				B8052508163FA2A8005B74F8 /* MSFoodPicture.h */,
				B8052509163FA2A8005B74F8 /* MSFoodPicture.m */,
				8CA314CB1647A92200539E4B /* MSImageCache.h */,
				8CA314CC1647A92200539E4B /* MSImageCache.m */,
			);
			path = Models;
			sourceTree = "<group>";
		};
		B8D0786B163D3D870050FF39 = {
			isa = PBXGroup;
			children = (
				274AA49E1648F89600B5E1E9 /* Default@2x.png */,
				274AA49C1648F89100B5E1E9 /* Default.png */,
				274AA49A1648F88A00B5E1E9 /* icon@2x.png */,
				274AA4981648F88200B5E1E9 /* icon.png */,
				B8D07882163D3D870050FF39 /* Meshi365 */,
				B8D07883163D3D870050FF39 /* Supporting Files */,
				B8D078A4163D3D870050FF39 /* Meshi365Tests */,
				B8D07879163D3D870050FF39 /* Frameworks */,
				B8D07877163D3D870050FF39 /* Products */,
			);
			sourceTree = "<group>";
		};
		B8D07877163D3D870050FF39 /* Products */ = {
			isa = PBXGroup;
			children = (
				B8D07876163D3D870050FF39 /* Meshi365.app */,
				B8D0789C163D3D870050FF39 /* Meshi365Tests.octest */,
			);
			name = Products;
			sourceTree = "<group>";
		};
		B8D07879163D3D870050FF39 /* Frameworks */ = {
			isa = PBXGroup;
			children = (
				8CECB8DC16418A4B00BA4BE2 /* Accounts.framework */,
				8CECB8D516417CC600BA4BE2 /* Social.framework */,
				2757A2AE16416E1800975AC8 /* CoreLocation.framework */,
				B80524E6163F59A6005B74F8 /* AWSiOSSDK.framework */,
				B80524E7163F59A6005B74F8 /* AWSPersistence.framework */,
				B8D0787A163D3D870050FF39 /* UIKit.framework */,
				B8D0787C163D3D870050FF39 /* Foundation.framework */,
				B8D0787E163D3D870050FF39 /* CoreGraphics.framework */,
				B8D07880163D3D870050FF39 /* CoreData.framework */,
				B8D0789D163D3D870050FF39 /* SenTestingKit.framework */,
			);
			name = Frameworks;
			sourceTree = "<group>";
		};
		B8D07882163D3D870050FF39 /* Meshi365 */ = {
			isa = PBXGroup;
			children = (
				B8D0788B163D3D870050FF39 /* AppDelegate.h */,
				B8D0788C163D3D870050FF39 /* AppDelegate.m */,
				B8D07894163D3D870050FF39 /* Meshi365.xcdatamodeld */,
				B805252016403E94005B74F8 /* MSGlobal.h */,
				B89C329E1647A291003452D1 /* MSAWSSettings.h */,
				B805248D163E45AB005B74F8 /* MSNetworkConnector.h */,
				B805248E163E45AB005B74F8 /* MSNetworkConnector.m */,
				B80524FB163F92F8005B74F8 /* MSAWSConnector.h */,
				B80524FC163F92F8005B74F8 /* MSAWSConnector.m */,
				B8052499163E4EF0005B74F8 /* MSUIIDController.h */,
				B805249A163E4EF0005B74F8 /* MSUIIDController.m */,
				8C7B3BCF163E3F2600B8D7C1 /* MSRootTabBarController.h */,
				8C7B3BD0163E3F2600B8D7C1 /* MSRootTabBarController.m */,
				8CA5657A164640EF00F21089 /* MSImageLoader.h */,
				8CA5657B164640EF00F21089 /* MSImageLoader.m */,
				B8052503163F96B7005B74F8 /* Models */,
				B80524A7163EEBBA005B74F8 /* ViewControllers */,
			);
			path = Meshi365;
			sourceTree = "<group>";
		};
		B8D07883163D3D870050FF39 /* Supporting Files */ = {
			isa = PBXGroup;
			children = (
				B80524A2163EEB59005B74F8 /* Resources */,
				B8D07884163D3D870050FF39 /* Meshi365-Info.plist */,
				B8D07885163D3D870050FF39 /* InfoPlist.strings */,
				B8D07888163D3D870050FF39 /* main.m */,
				B8D0788A163D3D870050FF39 /* Meshi365-Prefix.pch */,
				B8D07892163D3D870050FF39 /* Default-568h@2x.png */,
			);
			name = "Supporting Files";
			path = Meshi365;
			sourceTree = "<group>";
		};
		B8D078A4163D3D870050FF39 /* Meshi365Tests */ = {
			isa = PBXGroup;
			children = (
				B8D078AA163D3D870050FF39 /* Meshi365Tests.h */,
				B8D078AB163D3D870050FF39 /* Meshi365Tests.m */,
				B8D078A5163D3D870050FF39 /* Supporting Files */,
			);
			path = Meshi365Tests;
			sourceTree = "<group>";
		};
		B8D078A5163D3D870050FF39 /* Supporting Files */ = {
			isa = PBXGroup;
			children = (
				B8D078A6163D3D870050FF39 /* Meshi365Tests-Info.plist */,
				B8D078A7163D3D870050FF39 /* InfoPlist.strings */,
			);
			name = "Supporting Files";
			sourceTree = "<group>";
		};
/* End PBXGroup section */

/* Begin PBXNativeTarget section */
		B8D07875163D3D870050FF39 /* Meshi365 */ = {
			isa = PBXNativeTarget;
			buildConfigurationList = B8D078AF163D3D870050FF39 /* Build configuration list for PBXNativeTarget "Meshi365" */;
			buildPhases = (
				B8D07872163D3D870050FF39 /* Sources */,
				B8D07873163D3D870050FF39 /* Frameworks */,
				B8D07874163D3D870050FF39 /* Resources */,
			);
			buildRules = (
			);
			dependencies = (
			);
			name = Meshi365;
			productName = Meshi365;
			productReference = B8D07876163D3D870050FF39 /* Meshi365.app */;
			productType = "com.apple.product-type.application";
		};
		B8D0789B163D3D870050FF39 /* Meshi365Tests */ = {
			isa = PBXNativeTarget;
			buildConfigurationList = B8D078B2163D3D870050FF39 /* Build configuration list for PBXNativeTarget "Meshi365Tests" */;
			buildPhases = (
				B8D07897163D3D870050FF39 /* Sources */,
				B8D07898163D3D870050FF39 /* Frameworks */,
				B8D07899163D3D870050FF39 /* Resources */,
				B8D0789A163D3D870050FF39 /* ShellScript */,
			);
			buildRules = (
			);
			dependencies = (
				B8D078A3163D3D870050FF39 /* PBXTargetDependency */,
			);
			name = Meshi365Tests;
			productName = Meshi365Tests;
			productReference = B8D0789C163D3D870050FF39 /* Meshi365Tests.octest */;
			productType = "com.apple.product-type.bundle";
		};
/* End PBXNativeTarget section */

/* Begin PBXProject section */
		B8D0786D163D3D870050FF39 /* Project object */ = {
			isa = PBXProject;
			attributes = {
				LastUpgradeCheck = 0450;
				ORGANIZATIONNAME = Akifumi;
			};
			buildConfigurationList = B8D07870163D3D870050FF39 /* Build configuration list for PBXProject "Meshi365" */;
			compatibilityVersion = "Xcode 3.2";
			developmentRegion = English;
			hasScannedForEncodings = 0;
			knownRegions = (
				en,
			);
			mainGroup = B8D0786B163D3D870050FF39;
			productRefGroup = B8D07877163D3D870050FF39 /* Products */;
			projectDirPath = "";
			projectRoot = "";
			targets = (
				B8D07875163D3D870050FF39 /* Meshi365 */,
				B8D0789B163D3D870050FF39 /* Meshi365Tests */,
			);
		};
/* End PBXProject section */

/* Begin PBXResourcesBuildPhase section */
		B8D07874163D3D870050FF39 /* Resources */ = {
			isa = PBXResourcesBuildPhase;
			buildActionMask = 2147483647;
			files = (
				B8D07887163D3D870050FF39 /* InfoPlist.strings in Resources */,
				B8D07893163D3D870050FF39 /* Default-568h@2x.png in Resources */,
				8CD1BA56163EEF8C00AFA334 /* star.png in Resources */,
				8C180947163F29C9003400EB /* starNonSelect.png in Resources */,
				2732C980164200BF000B3AB0 /* Icon_Twitter.png in Resources */,
				27EA729B16431ED2007CD1AC /* Icon_Facebook_dark.png in Resources */,
				27EA729C16431ED2007CD1AC /* Icon_Facebook.png in Resources */,
				27EA729D16431ED2007CD1AC /* Icon_Twitter_dark.png in Resources */,
				27EA72B516434DAE007CD1AC /* breakfastMealFrame.png in Resources */,
				27EA72B716434DAE007CD1AC /* lunchMealFrame.png in Resources */,
				27EA72B916434DAE007CD1AC /* supperMealFrame.png in Resources */,
				27684C411643880D0006540B /* tabicon_today.png in Resources */,
				27684C4716438A0A0006540B /* tabicon_account.png in Resources */,
				27684C4816438A0A0006540B /* tabicon_foodline.png in Resources */,
				27684C4916438A0A0006540B /* tabicon_minical.png in Resources */,
				27684C4A16438A0A0006540B /* tabicon_recommend.png in Resources */,
				27272A7D1648478900FC3434 /* breakfastNoImage.png in Resources */,
				27272A7E1648478900FC3434 /* breakfastNoImage@2x.png in Resources */,
				27272A7F1648478900FC3434 /* breakfastNowLoading.png in Resources */,
				27272A801648478900FC3434 /* breakfastNowLoading@2x.png in Resources */,
				27272A811648478900FC3434 /* lunchNoImage.png in Resources */,
				27272A821648478900FC3434 /* lunchNoImage@2x.png in Resources */,
				27272A831648478900FC3434 /* lunchNowLoading.png in Resources */,
				27272A841648478900FC3434 /* lunchNowLoading@2x.png in Resources */,
				27272A851648478900FC3434 /* supperNoImage.png in Resources */,
				27272A861648478900FC3434 /* supperNoImage@2x.png in Resources */,
				27272A871648478900FC3434 /* supperNowLoading.png in Resources */,
				27272A881648478900FC3434 /* supperNowLoading@2x.png in Resources */,
				27272A8F16484FCC00FC3434 /* otherMealFrame.png in Resources */,
				27272A9016484FCC00FC3434 /* otherMealFrame@2x.png in Resources */,
				27272A9116484FCC00FC3434 /* otherNoImage.png in Resources */,
				27272A9216484FCC00FC3434 /* otherNoImage@2x.png in Resources */,
				27272A9316484FCC00FC3434 /* otherNowLoading.png in Resources */,
				27272A9416484FCC00FC3434 /* otherNowLoading@2x.png in Resources */,
				27272A9B1648787700FC3434 /* BigNoImage.png in Resources */,
				27272A9C1648787700FC3434 /* BigNoImage@2x.png in Resources */,
				27272A9D1648787700FC3434 /* BigNowLoading.png in Resources */,
				27272A9E1648787700FC3434 /* BigNowLoading@2x.png in Resources */,
				27272A9F1648787700FC3434 /* NoImage.png in Resources */,
				27272AA01648787700FC3434 /* NoImage@2x.png in Resources */,
				27272AA216488BE800FC3434 /* othersLogo.png in Resources */,
				274AA4931648F86B00B5E1E9 /* icon.png in Resources */,
				274AA4941648F86B00B5E1E9 /* icon@2x.png in Resources */,
				274AA4951648F86B00B5E1E9 /* launch.png in Resources */,
				274AA4961648F86B00B5E1E9 /* launch@2x.png in Resources */,
				274AA4991648F88200B5E1E9 /* icon.png in Resources */,
				274AA49B1648F88A00B5E1E9 /* icon@2x.png in Resources */,
				274AA49D1648F89100B5E1E9 /* Default.png in Resources */,
				274AA49F1648F89600B5E1E9 /* Default@2x.png in Resources */,
			);
			runOnlyForDeploymentPostprocessing = 0;
		};
		B8D07899163D3D870050FF39 /* Resources */ = {
			isa = PBXResourcesBuildPhase;
			buildActionMask = 2147483647;
			files = (
				B8D078A9163D3D870050FF39 /* InfoPlist.strings in Resources */,
			);
			runOnlyForDeploymentPostprocessing = 0;
		};
/* End PBXResourcesBuildPhase section */

/* Begin PBXShellScriptBuildPhase section */
		B8D0789A163D3D870050FF39 /* ShellScript */ = {
			isa = PBXShellScriptBuildPhase;
			buildActionMask = 2147483647;
			files = (
			);
			inputPaths = (
			);
			outputPaths = (
			);
			runOnlyForDeploymentPostprocessing = 0;
			shellPath = /bin/sh;
			shellScript = "# Run the unit tests in this test bundle.\n\"${SYSTEM_DEVELOPER_DIR}/Tools/RunUnitTests\"\n";
		};
/* End PBXShellScriptBuildPhase section */

/* Begin PBXSourcesBuildPhase section */
		B8D07872163D3D870050FF39 /* Sources */ = {
			isa = PBXSourcesBuildPhase;
			buildActionMask = 2147483647;
			files = (
				B8D07889163D3D870050FF39 /* main.m in Sources */,
				B8D0788D163D3D870050FF39 /* AppDelegate.m in Sources */,
				B8D07896163D3D870050FF39 /* Meshi365.xcdatamodeld in Sources */,
				8C7B3BD1163E3F2600B8D7C1 /* MSRootTabBarController.m in Sources */,
				B805248F163E45AB005B74F8 /* MSNetworkConnector.m in Sources */,
				B805249B163E4EF0005B74F8 /* MSUIIDController.m in Sources */,
				B80524B6163EEBBA005B74F8 /* MSCameraViewController.m in Sources */,
				B80524B7163EEBBA005B74F8 /* MSConfigViewController.m in Sources */,
				B80524B9163EEBBA005B74F8 /* MSFoodLineViewController.m in Sources */,
				B80524BA163EEBBA005B74F8 /* MSMiniCalenderViewController.m in Sources */,
				B80524BB163EEBBA005B74F8 /* MSRecommendViewController.m in Sources */,
				B80524BC163EEBBA005B74F8 /* MSTodayMealViewController.m in Sources */,
				B80524C0163EEC7A005B74F8 /* MSFoodLineCell.m in Sources */,
				8C180950163F355B003400EB /* MSMiniCalenderTableView.m in Sources */,
				279DA49E163F689D00AF6E26 /* MSValueImageView.m in Sources */,
				B80524FD163F92F8005B74F8 /* MSAWSConnector.m in Sources */,
				8C1699F0163F937100194888 /* MSMiniCalenderScrollView.m in Sources */,
				B8052507163F96C6005B74F8 /* MSUser.m in Sources */,
				B805250A163FA2A8005B74F8 /* MSFoodPicture.m in Sources */,
				B805252416406429005B74F8 /* MSFoodPictureImage.m in Sources */,
				8C66D31816408A9B0010777F /* MSRecommendTableView.m in Sources */,
				8C0CC86516408F6B008B830B /* MSRecommendCell.m in Sources */,
				2757A2B31641765F00975AC8 /* MSFoodLineNavigationViewController.m in Sources */,
				2757A2B61641796600975AC8 /* MSFriendListViewController.m in Sources */,
				2757A2C41641963900975AC8 /* MSSignUpViewController.m in Sources */,
				8CA5657C164640F000F21089 /* MSImageLoader.m in Sources */,
				8CA314B81646C54F00539E4B /* MSImageCellBaseCell.m in Sources */,
				8CA314CD1647A92300539E4B /* MSImageCache.m in Sources */,
				270E10171647ABBA00D8896B /* MSFriendSearchViewController.m in Sources */,
				270E101B1647B4F900D8896B /* MSAccountNavigationController.m in Sources */,
				27EDF40B1647C32C0093C140 /* MSFriendRequestViewController.m in Sources */,
				8C40728B16490E4E00990A74 /* MSMiniCalenderCell.m in Sources */,
			);
			runOnlyForDeploymentPostprocessing = 0;
		};
		B8D07897163D3D870050FF39 /* Sources */ = {
			isa = PBXSourcesBuildPhase;
			buildActionMask = 2147483647;
			files = (
				B8D078AC163D3D870050FF39 /* Meshi365Tests.m in Sources */,
			);
			runOnlyForDeploymentPostprocessing = 0;
		};
/* End PBXSourcesBuildPhase section */

/* Begin PBXTargetDependency section */
		B8D078A3163D3D870050FF39 /* PBXTargetDependency */ = {
			isa = PBXTargetDependency;
			target = B8D07875163D3D870050FF39 /* Meshi365 */;
			targetProxy = B8D078A2163D3D870050FF39 /* PBXContainerItemProxy */;
		};
/* End PBXTargetDependency section */

/* Begin PBXVariantGroup section */
		B8D07885163D3D870050FF39 /* InfoPlist.strings */ = {
			isa = PBXVariantGroup;
			children = (
				B8D07886163D3D870050FF39 /* en */,
			);
			name = InfoPlist.strings;
			sourceTree = "<group>";
		};
		B8D078A7163D3D870050FF39 /* InfoPlist.strings */ = {
			isa = PBXVariantGroup;
			children = (
				B8D078A8163D3D870050FF39 /* en */,
			);
			name = InfoPlist.strings;
			sourceTree = "<group>";
		};
/* End PBXVariantGroup section */

/* Begin XCBuildConfiguration section */
		B8D078AD163D3D870050FF39 /* Debug */ = {
			isa = XCBuildConfiguration;
			buildSettings = {
				ALWAYS_SEARCH_USER_PATHS = NO;
				CLANG_CXX_LANGUAGE_STANDARD = "gnu++0x";
				CLANG_CXX_LIBRARY = "libc++";
				CLANG_ENABLE_OBJC_ARC = YES;
				CLANG_WARN_EMPTY_BODY = YES;
				CLANG_WARN__DUPLICATE_METHOD_MATCH = YES;
				"CODE_SIGN_IDENTITY[sdk=iphoneos*]" = "iPhone Developer";
				COPY_PHASE_STRIP = NO;
				GCC_C_LANGUAGE_STANDARD = gnu99;
				GCC_DYNAMIC_NO_PIC = NO;
				GCC_OPTIMIZATION_LEVEL = 0;
				GCC_PREPROCESSOR_DEFINITIONS = (
					"DEBUG=1",
					"$(inherited)",
				);
				GCC_SYMBOLS_PRIVATE_EXTERN = NO;
				GCC_WARN_ABOUT_RETURN_TYPE = YES;
				GCC_WARN_UNINITIALIZED_AUTOS = YES;
				GCC_WARN_UNUSED_VARIABLE = YES;
				IPHONEOS_DEPLOYMENT_TARGET = 6.0;
				ONLY_ACTIVE_ARCH = YES;
				SDKROOT = iphoneos;
				TARGETED_DEVICE_FAMILY = "1,2";
			};
			name = Debug;
		};
		B8D078AE163D3D870050FF39 /* Release */ = {
			isa = XCBuildConfiguration;
			buildSettings = {
				ALWAYS_SEARCH_USER_PATHS = NO;
				CLANG_CXX_LANGUAGE_STANDARD = "gnu++0x";
				CLANG_CXX_LIBRARY = "libc++";
				CLANG_ENABLE_OBJC_ARC = YES;
				CLANG_WARN_EMPTY_BODY = YES;
				CLANG_WARN__DUPLICATE_METHOD_MATCH = YES;
				"CODE_SIGN_IDENTITY[sdk=iphoneos*]" = "iPhone Developer";
				COPY_PHASE_STRIP = YES;
				GCC_C_LANGUAGE_STANDARD = gnu99;
				GCC_WARN_ABOUT_RETURN_TYPE = YES;
				GCC_WARN_UNINITIALIZED_AUTOS = YES;
				GCC_WARN_UNUSED_VARIABLE = YES;
				IPHONEOS_DEPLOYMENT_TARGET = 6.0;
				OTHER_CFLAGS = "-DNS_BLOCK_ASSERTIONS=1";
				SDKROOT = iphoneos;
				TARGETED_DEVICE_FAMILY = "1,2";
				VALIDATE_PRODUCT = YES;
			};
			name = Release;
		};
		B8D078B0163D3D870050FF39 /* Debug */ = {
			isa = XCBuildConfiguration;
			buildSettings = {
				FRAMEWORK_SEARCH_PATHS = (
					"$(inherited)",
					"\"$(SRCROOT)\"",
				);
				GCC_PRECOMPILE_PREFIX_HEADER = YES;
				GCC_PREFIX_HEADER = "Meshi365/Meshi365-Prefix.pch";
				INFOPLIST_FILE = "Meshi365/Meshi365-Info.plist";
				IPHONEOS_DEPLOYMENT_TARGET = 6.0;
				PRODUCT_NAME = "$(TARGET_NAME)";
				WRAPPER_EXTENSION = app;
			};
			name = Debug;
		};
		B8D078B1163D3D870050FF39 /* Release */ = {
			isa = XCBuildConfiguration;
			buildSettings = {
				FRAMEWORK_SEARCH_PATHS = (
					"$(inherited)",
					"\"$(SRCROOT)\"",
				);
				GCC_PRECOMPILE_PREFIX_HEADER = YES;
				GCC_PREFIX_HEADER = "Meshi365/Meshi365-Prefix.pch";
				INFOPLIST_FILE = "Meshi365/Meshi365-Info.plist";
				IPHONEOS_DEPLOYMENT_TARGET = 6.0;
				PRODUCT_NAME = "$(TARGET_NAME)";
				WRAPPER_EXTENSION = app;
			};
			name = Release;
		};
		B8D078B3163D3D870050FF39 /* Debug */ = {
			isa = XCBuildConfiguration;
			buildSettings = {
				BUNDLE_LOADER = "$(BUILT_PRODUCTS_DIR)/Meshi365.app/Meshi365";
				FRAMEWORK_SEARCH_PATHS = (
					"\"$(SDKROOT)/Developer/Library/Frameworks\"",
					"\"$(DEVELOPER_LIBRARY_DIR)/Frameworks\"",
				);
				GCC_PRECOMPILE_PREFIX_HEADER = YES;
				GCC_PREFIX_HEADER = "Meshi365/Meshi365-Prefix.pch";
				INFOPLIST_FILE = "Meshi365Tests/Meshi365Tests-Info.plist";
				PRODUCT_NAME = "$(TARGET_NAME)";
				TEST_HOST = "$(BUNDLE_LOADER)";
				WRAPPER_EXTENSION = octest;
			};
			name = Debug;
		};
		B8D078B4163D3D870050FF39 /* Release */ = {
			isa = XCBuildConfiguration;
			buildSettings = {
				BUNDLE_LOADER = "$(BUILT_PRODUCTS_DIR)/Meshi365.app/Meshi365";
				FRAMEWORK_SEARCH_PATHS = (
					"\"$(SDKROOT)/Developer/Library/Frameworks\"",
					"\"$(DEVELOPER_LIBRARY_DIR)/Frameworks\"",
				);
				GCC_PRECOMPILE_PREFIX_HEADER = YES;
				GCC_PREFIX_HEADER = "Meshi365/Meshi365-Prefix.pch";
				INFOPLIST_FILE = "Meshi365Tests/Meshi365Tests-Info.plist";
				PRODUCT_NAME = "$(TARGET_NAME)";
				TEST_HOST = "$(BUNDLE_LOADER)";
				WRAPPER_EXTENSION = octest;
			};
			name = Release;
		};
/* End XCBuildConfiguration section */

/* Begin XCConfigurationList section */
		B8D07870163D3D870050FF39 /* Build configuration list for PBXProject "Meshi365" */ = {
			isa = XCConfigurationList;
			buildConfigurations = (
				B8D078AD163D3D870050FF39 /* Debug */,
				B8D078AE163D3D870050FF39 /* Release */,
			);
			defaultConfigurationIsVisible = 0;
			defaultConfigurationName = Release;
		};
		B8D078AF163D3D870050FF39 /* Build configuration list for PBXNativeTarget "Meshi365" */ = {
			isa = XCConfigurationList;
			buildConfigurations = (
				B8D078B0163D3D870050FF39 /* Debug */,
				B8D078B1163D3D870050FF39 /* Release */,
			);
			defaultConfigurationIsVisible = 0;
			defaultConfigurationName = Release;
		};
		B8D078B2163D3D870050FF39 /* Build configuration list for PBXNativeTarget "Meshi365Tests" */ = {
			isa = XCConfigurationList;
			buildConfigurations = (
				B8D078B3163D3D870050FF39 /* Debug */,
				B8D078B4163D3D870050FF39 /* Release */,
			);
			defaultConfigurationIsVisible = 0;
			defaultConfigurationName = Release;
		};
/* End XCConfigurationList section */

/* Begin XCVersionGroup section */
		B8D07894163D3D870050FF39 /* Meshi365.xcdatamodeld */ = {
			isa = XCVersionGroup;
			children = (
				B8D07895163D3D870050FF39 /* Meshi365.xcdatamodel */,
			);
			currentVersion = B8D07895163D3D870050FF39 /* Meshi365.xcdatamodel */;
			path = Meshi365.xcdatamodeld;
			sourceTree = "<group>";
			versionGroupType = wrapper.xcdatamodel;
		};
/* End XCVersionGroup section */
	};
	rootObject = B8D0786D163D3D870050FF39 /* Project object */;
}
